// !$*UTF8*$!
{
	archiveVersion = 1;
	classes = {
	};
	objectVersion = 46;
	objects = {

/* Begin PBXBuildFile section */
		72606C9424B823FB009B0113 /* Default-568h@2x.png in Resources */ = {isa = PBXBuildFile; fileRef = 72606C9324B823FB009B0113 /* Default-568h@2x.png */; };
		72606C9824B82D9C009B0113 /* locations.dat in Resources */ = {isa = PBXBuildFile; fileRef = 72606C9724B82CBE009B0113 /* locations.dat */; };
		72606C9924B82DA0009B0113 /* common.dat in Resources */ = {isa = PBXBuildFile; fileRef = 72606C9624B82CB4009B0113 /* common.dat */; };
		729AFB1A24D0AF1B00EF0894 /* AmaxAspectSetCell.m in Sources */ = {isa = PBXBuildFile; fileRef = 729AFB1924D0AF1B00EF0894 /* AmaxAspectSetCell.m */; };
		729AFB2324D0C0C500EF0894 /* AspectCell.xib in Resources */ = {isa = PBXBuildFile; fileRef = 729AFB2124D0C0C500EF0894 /* AspectCell.xib */; };
		729C4FDC24DDD23D0058E1EA /* AmaxDataInputStream.swift in Sources */ = {isa = PBXBuildFile; fileRef = 729C4FDB24DDD23D0058E1EA /* AmaxDataInputStream.swift */; };
		729C4FDD24DDD38C0058E1EA /* AmaxCommonDataFile.swift in Sources */ = {isa = PBXBuildFile; fileRef = 72DB5BA824DC702500E20F7E /* AmaxCommonDataFile.swift */; };
		72A4218824C8AE860096DF9C /* Images.xcassets in Resources */ = {isa = PBXBuildFile; fileRef = 72A4218724C8AE860096DF9C /* Images.xcassets */; };
		72A6011F24B83144002C1322 /* VocCell.xib in Resources */ = {isa = PBXBuildFile; fileRef = 72A6011D24B83144002C1322 /* VocCell.xib */; };
		72AA2A6424DBC32300A5E00A /* AmaxAspectCell.m in Sources */ = {isa = PBXBuildFile; fileRef = 72AA2A6324DBC32300A5E00A /* AmaxAspectCell.m */; };
		72B6C66524C8052C00E7BC98 /* EventListTitle.strings in Resources */ = {isa = PBXBuildFile; fileRef = 72B6C66324C8052C00E7BC98 /* EventListTitle.strings */; };
		72DB5BA224DC63AC00E20F7E /* AppDelegate.swift in Sources */ = {isa = PBXBuildFile; fileRef = 72AA2A6724DBC99600A5E00A /* AppDelegate.swift */; };
		72DB5BA424DC685000E20F7E /* SceneDelegate.swift in Sources */ = {isa = PBXBuildFile; fileRef = 72DB5BA324DC685000E20F7E /* SceneDelegate.swift */; };
		84B1AC6F1647BB3E007188B1 /* UIKit.framework in Frameworks */ = {isa = PBXBuildFile; fileRef = 84B1AC6E1647BB3E007188B1 /* UIKit.framework */; };
		84B1AC711647BB3E007188B1 /* Foundation.framework in Frameworks */ = {isa = PBXBuildFile; fileRef = 84B1AC701647BB3E007188B1 /* Foundation.framework */; };
		84B1AC731647BB3E007188B1 /* CoreGraphics.framework in Frameworks */ = {isa = PBXBuildFile; fileRef = 84B1AC721647BB3E007188B1 /* CoreGraphics.framework */; };
		84B1AC791647BB3E007188B1 /* InfoPlist.strings in Resources */ = {isa = PBXBuildFile; fileRef = 84B1AC771647BB3E007188B1 /* InfoPlist.strings */; };
		84D5B4B7166EA4ED00F30D70 /* Astronom.ttf in Resources */ = {isa = PBXBuildFile; fileRef = 84D5B4B6166EA4ED00F30D70 /* Astronom.ttf */; };
		84DF76D9175957BD00A3D7A9 /* WeekDays.strings in Resources */ = {isa = PBXBuildFile; fileRef = 84DF76DB175957BD00A3D7A9 /* WeekDays.strings */; };
		84DFC23516A59E00003D8B01 /* AmaxDateSelectController.xib in Resources */ = {isa = PBXBuildFile; fileRef = 84DFC22916A59E00003D8B01 /* AmaxDateSelectController.xib */; };
		84DFC23616A59E00003D8B01 /* AmaxEventListViewController.xib in Resources */ = {isa = PBXBuildFile; fileRef = 84DFC22B16A59E00003D8B01 /* AmaxEventListViewController.xib */; };
		84DFC23716A59E00003D8B01 /* AmaxInterpreterController.xib in Resources */ = {isa = PBXBuildFile; fileRef = 84DFC22D16A59E00003D8B01 /* AmaxInterpreterController.xib */; };
		84DFC23816A59E00003D8B01 /* AmaxLocationListController.xib in Resources */ = {isa = PBXBuildFile; fileRef = 84DFC22F16A59E00003D8B01 /* AmaxLocationListController.xib */; };
		84DFC23916A59E00003D8B01 /* AmaxSettingsController.xib in Resources */ = {isa = PBXBuildFile; fileRef = 84DFC23116A59E00003D8B01 /* AmaxSettingsController.xib */; };
		84DFC23A16A59E00003D8B01 /* AmaxSummaryViewController.xib in Resources */ = {isa = PBXBuildFile; fileRef = 84DFC23316A59E00003D8B01 /* AmaxSummaryViewController.xib */; };
		84DFC24E16A5A380003D8B01 /* AspectSetCell.xib in Resources */ = {isa = PBXBuildFile; fileRef = 84DFC23C16A5A380003D8B01 /* AspectSetCell.xib */; };
		84DFC24F16A5A380003D8B01 /* MoonMoveCell.xib in Resources */ = {isa = PBXBuildFile; fileRef = 84DFC23E16A5A380003D8B01 /* MoonMoveCell.xib */; };
		84DFC25016A5A380003D8B01 /* MoonSignCell.xib in Resources */ = {isa = PBXBuildFile; fileRef = 84DFC24016A5A380003D8B01 /* MoonSignCell.xib */; };
		84DFC25116A5A380003D8B01 /* PlanetHourCell.xib in Resources */ = {isa = PBXBuildFile; fileRef = 84DFC24216A5A380003D8B01 /* PlanetHourCell.xib */; };
		84DFC25216A5A380003D8B01 /* RetrogradeSetCell.xib in Resources */ = {isa = PBXBuildFile; fileRef = 84DFC24416A5A380003D8B01 /* RetrogradeSetCell.xib */; };
		84DFC25316A5A380003D8B01 /* SunDegreeCell.xib in Resources */ = {isa = PBXBuildFile; fileRef = 84DFC24616A5A380003D8B01 /* SunDegreeCell.xib */; };
		84DFC25416A5A380003D8B01 /* TithiCell.xib in Resources */ = {isa = PBXBuildFile; fileRef = 84DFC24816A5A380003D8B01 /* TithiCell.xib */; };
		84DFC25516A5A380003D8B01 /* ViaCombustaCell.xib in Resources */ = {isa = PBXBuildFile; fileRef = 84DFC24A16A5A380003D8B01 /* ViaCombustaCell.xib */; };
		84E39A08168DCF73005DC0C5 /* interpret.dat in Resources */ = {isa = PBXBuildFile; fileRef = 84E39A0A168DCF73005DC0C5 /* interpret.dat */; };
		84E98AE7168E0F2A006AAA55 /* Planets.strings in Resources */ = {isa = PBXBuildFile; fileRef = 84E98AE9168E0F2A006AAA55 /* Planets.strings */; };
		84E98AED168E0F64006AAA55 /* ConstellGenitive.strings in Resources */ = {isa = PBXBuildFile; fileRef = 84E98AEF168E0F64006AAA55 /* ConstellGenitive.strings */; };
		84E98AF3168E0F88006AAA55 /* ConstellLocative.strings in Resources */ = {isa = PBXBuildFile; fileRef = 84E98AF5168E0F88006AAA55 /* ConstellLocative.strings */; };
		84E98AF9168E0FAB006AAA55 /* PlanetsGenitive.strings in Resources */ = {isa = PBXBuildFile; fileRef = 84E98AFB168E0FAB006AAA55 /* PlanetsGenitive.strings */; };
		84E98AFF168E0FCA006AAA55 /* Aspects.strings in Resources */ = {isa = PBXBuildFile; fileRef = 84E98B01168E0FCA006AAA55 /* Aspects.strings */; };
		84E98B61168E6331006AAA55 /* AmaxAstroLabel.m in Sources */ = {isa = PBXBuildFile; fileRef = 84E98B29168E6331006AAA55 /* AmaxAstroLabel.m */; };
		84E98B62168E6331006AAA55 /* AmaxBaseViewController.m in Sources */ = {isa = PBXBuildFile; fileRef = 84E98B2B168E6331006AAA55 /* AmaxBaseViewController.m */; };
		84E98B63168E6331006AAA55 /* AmaxDateSelectController.m in Sources */ = {isa = PBXBuildFile; fileRef = 84E98B2D168E6331006AAA55 /* AmaxDateSelectController.m */; };
		84E98B64168E6331006AAA55 /* AmaxEventListViewController.m in Sources */ = {isa = PBXBuildFile; fileRef = 84E98B2F168E6331006AAA55 /* AmaxEventListViewController.m */; };
		84E98B65168E6331006AAA55 /* AmaxInterpreterController.m in Sources */ = {isa = PBXBuildFile; fileRef = 84E98B31168E6331006AAA55 /* AmaxInterpreterController.m */; };
		84E98B66168E6331006AAA55 /* AmaxLocationListController.m in Sources */ = {isa = PBXBuildFile; fileRef = 84E98B33168E6331006AAA55 /* AmaxLocationListController.m */; };
		84E98B67168E6331006AAA55 /* AmaxSettingsController.m in Sources */ = {isa = PBXBuildFile; fileRef = 84E98B35168E6331006AAA55 /* AmaxSettingsController.m */; };
		84E98B68168E6331006AAA55 /* AmaxSummaryViewController.m in Sources */ = {isa = PBXBuildFile; fileRef = 84E98B37168E6331006AAA55 /* AmaxSummaryViewController.m */; };
		84E98B6B168E6331006AAA55 /* AmaxDataProvider.m in Sources */ = {isa = PBXBuildFile; fileRef = 84E98B3E168E6331006AAA55 /* AmaxDataProvider.m */; };
		84E98B6C168E6331006AAA55 /* AmaxEvent.m in Sources */ = {isa = PBXBuildFile; fileRef = 84E98B40168E6331006AAA55 /* AmaxEvent.m */; };
		84E98B6D168E6331006AAA55 /* AmaxInterpretationProvider.m in Sources */ = {isa = PBXBuildFile; fileRef = 84E98B42168E6331006AAA55 /* AmaxInterpretationProvider.m */; };
		84E98B6E168E6331006AAA55 /* AmaxLocationBundle.m in Sources */ = {isa = PBXBuildFile; fileRef = 84E98B44168E6331006AAA55 /* AmaxLocationBundle.m */; };
		84E98B6F168E6331006AAA55 /* AmaxLocationDataFile.m in Sources */ = {isa = PBXBuildFile; fileRef = 84E98B46168E6331006AAA55 /* AmaxLocationDataFile.m */; };
		84E98B70168E6331006AAA55 /* AmaxPrefs.m in Sources */ = {isa = PBXBuildFile; fileRef = 84E98B48168E6331006AAA55 /* AmaxPrefs.m */; };
		84E98B71168E6331006AAA55 /* AmaxSummaryItem.m in Sources */ = {isa = PBXBuildFile; fileRef = 84E98B4A168E6331006AAA55 /* AmaxSummaryItem.m */; };
		84E98B72168E6331006AAA55 /* AmaxTimezoneTransition.m in Sources */ = {isa = PBXBuildFile; fileRef = 84E98B4C168E6331006AAA55 /* AmaxTimezoneTransition.m */; };
		84E98B73168E6331006AAA55 /* AmaxTypes.c in Sources */ = {isa = PBXBuildFile; fileRef = 84E98B4D168E6331006AAA55 /* AmaxTypes.c */; };
		84E98B74168E6331006AAA55 /* AmaxMoonMoveCell.m in Sources */ = {isa = PBXBuildFile; fileRef = 84E98B51168E6331006AAA55 /* AmaxMoonMoveCell.m */; };
		84E98B75168E6331006AAA55 /* AmaxMoonSignCell.m in Sources */ = {isa = PBXBuildFile; fileRef = 84E98B53168E6331006AAA55 /* AmaxMoonSignCell.m */; };
		84E98B76168E6331006AAA55 /* AmaxPlanetHourCell.m in Sources */ = {isa = PBXBuildFile; fileRef = 84E98B55168E6331006AAA55 /* AmaxPlanetHourCell.m */; };
		84E98B77168E6331006AAA55 /* AmaxSunDegreeCell.m in Sources */ = {isa = PBXBuildFile; fileRef = 84E98B57168E6331006AAA55 /* AmaxSunDegreeCell.m */; };
		84E98B78168E6331006AAA55 /* AmaxTableCell.m in Sources */ = {isa = PBXBuildFile; fileRef = 84E98B59168E6331006AAA55 /* AmaxTableCell.m */; };
		84E98B79168E6331006AAA55 /* AmaxTithiCell.m in Sources */ = {isa = PBXBuildFile; fileRef = 84E98B5B168E6331006AAA55 /* AmaxTithiCell.m */; };
		84E98B7A168E6331006AAA55 /* AmaxViaCombustaCell.m in Sources */ = {isa = PBXBuildFile; fileRef = 84E98B5D168E6331006AAA55 /* AmaxViaCombustaCell.m */; };
		84E98B7B168E6331006AAA55 /* AmaxVocCell.m in Sources */ = {isa = PBXBuildFile; fileRef = 84E98B5F168E6331006AAA55 /* AmaxVocCell.m */; };
		84EB53F4168CE8010089D6F6 /* Localizable.strings in Resources */ = {isa = PBXBuildFile; fileRef = 84EB53F6168CE8010089D6F6 /* Localizable.strings */; };
/* End PBXBuildFile section */

/* Begin PBXContainerItemProxy section */
		72AA650824BAB24A00633E55 /* PBXContainerItemProxy */ = {
			isa = PBXContainerItemProxy;
			containerPortal = 72AA650424BAB24A00633E55 /* Astromaximum2.xcodeproj */;
			proxyType = 2;
			remoteGlobalIDString = 7272D41E24B845A60017A464;
			remoteInfo = Astromaximum2;
		};
/* End PBXContainerItemProxy section */

/* Begin PBXFileReference section */
		72606C9324B823FB009B0113 /* Default-568h@2x.png */ = {isa = PBXFileReference; lastKnownFileType = image.png; path = "Default-568h@2x.png"; sourceTree = "<group>"; };
		72606C9624B82CB4009B0113 /* common.dat */ = {isa = PBXFileReference; lastKnownFileType = file; path = common.dat; sourceTree = "<group>"; };
		72606C9724B82CBE009B0113 /* locations.dat */ = {isa = PBXFileReference; lastKnownFileType = file; path = locations.dat; sourceTree = "<group>"; };
		727CAEA424C1609F0008A769 /* Base */ = {isa = PBXFileReference; lastKnownFileType = file.xib; name = Base; path = Base.lproj/AspectSetCell.xib; sourceTree = "<group>"; };
		727CAEA524C1609F0008A769 /* Base */ = {isa = PBXFileReference; lastKnownFileType = file.xib; name = Base; path = Base.lproj/MoonMoveCell.xib; sourceTree = "<group>"; };
		727CAEA624C1609F0008A769 /* Base */ = {isa = PBXFileReference; lastKnownFileType = file.xib; name = Base; path = Base.lproj/MoonSignCell.xib; sourceTree = "<group>"; };
		727CAEA724C1609F0008A769 /* Base */ = {isa = PBXFileReference; lastKnownFileType = file.xib; name = Base; path = Base.lproj/PlanetHourCell.xib; sourceTree = "<group>"; };
		727CAEA824C1609F0008A769 /* Base */ = {isa = PBXFileReference; lastKnownFileType = file.xib; name = Base; path = Base.lproj/RetrogradeSetCell.xib; sourceTree = "<group>"; };
		727CAEA924C1609F0008A769 /* Base */ = {isa = PBXFileReference; lastKnownFileType = file.xib; name = Base; path = Base.lproj/SunDegreeCell.xib; sourceTree = "<group>"; };
		727CAEAA24C1609F0008A769 /* Base */ = {isa = PBXFileReference; lastKnownFileType = file.xib; name = Base; path = Base.lproj/TithiCell.xib; sourceTree = "<group>"; };
		727CAEAB24C160A00008A769 /* Base */ = {isa = PBXFileReference; lastKnownFileType = file.xib; name = Base; path = Base.lproj/ViaCombustaCell.xib; sourceTree = "<group>"; };
		727CAEAC24C160A00008A769 /* Base */ = {isa = PBXFileReference; lastKnownFileType = file.xib; name = Base; path = Base.lproj/VocCell.xib; sourceTree = "<group>"; };
		727CAEAD24C160A00008A769 /* Base */ = {isa = PBXFileReference; lastKnownFileType = file.xib; name = Base; path = Base.lproj/AmaxDateSelectController.xib; sourceTree = "<group>"; };
		727CAEAE24C160A00008A769 /* Base */ = {isa = PBXFileReference; lastKnownFileType = file.xib; name = Base; path = Base.lproj/AmaxEventListViewController.xib; sourceTree = "<group>"; };
		727CAEAF24C160A00008A769 /* Base */ = {isa = PBXFileReference; lastKnownFileType = file.xib; name = Base; path = Base.lproj/AmaxInterpreterController.xib; sourceTree = "<group>"; };
		727CAEB024C160A00008A769 /* Base */ = {isa = PBXFileReference; lastKnownFileType = file.xib; name = Base; path = Base.lproj/AmaxLocationListController.xib; sourceTree = "<group>"; };
		727CAEB124C160A00008A769 /* Base */ = {isa = PBXFileReference; lastKnownFileType = file.xib; name = Base; path = Base.lproj/AmaxSettingsController.xib; sourceTree = "<group>"; };
		727CAEB224C160A10008A769 /* Base */ = {isa = PBXFileReference; lastKnownFileType = file.xib; name = Base; path = Base.lproj/AmaxSummaryViewController.xib; sourceTree = "<group>"; };
		729AFB1824D0AF0400EF0894 /* AmaxAspectSetCell.h */ = {isa = PBXFileReference; fileEncoding = 4; lastKnownFileType = sourcecode.c.h; path = AmaxAspectSetCell.h; sourceTree = "<group>"; };
		729AFB1924D0AF1B00EF0894 /* AmaxAspectSetCell.m */ = {isa = PBXFileReference; fileEncoding = 4; lastKnownFileType = sourcecode.c.objc; path = AmaxAspectSetCell.m; sourceTree = "<group>"; };
		729AFB2224D0C0C500EF0894 /* Base */ = {isa = PBXFileReference; lastKnownFileType = file.xib; name = Base; path = Base.lproj/AspectCell.xib; sourceTree = "<group>"; };
		729C4FDB24DDD23D0058E1EA /* AmaxDataInputStream.swift */ = {isa = PBXFileReference; fileEncoding = 4; lastKnownFileType = sourcecode.swift; path = AmaxDataInputStream.swift; sourceTree = "<group>"; };
		72A4218724C8AE860096DF9C /* Images.xcassets */ = {isa = PBXFileReference; lastKnownFileType = folder.assetcatalog; path = Images.xcassets; sourceTree = "<group>"; };
		72AA2A6324DBC32300A5E00A /* AmaxAspectCell.m */ = {isa = PBXFileReference; fileEncoding = 4; lastKnownFileType = sourcecode.c.objc; path = AmaxAspectCell.m; sourceTree = "<group>"; };
		72AA2A6524DBC33200A5E00A /* AmaxAspectCell.h */ = {isa = PBXFileReference; fileEncoding = 4; lastKnownFileType = sourcecode.c.h; path = AmaxAspectCell.h; sourceTree = "<group>"; };
		72AA2A6624DBC99600A5E00A /* Astromaximum-Bridging-Header.h */ = {isa = PBXFileReference; lastKnownFileType = sourcecode.c.h; path = "Astromaximum-Bridging-Header.h"; sourceTree = "<group>"; };
		72AA2A6724DBC99600A5E00A /* AppDelegate.swift */ = {isa = PBXFileReference; fileEncoding = 4; lastKnownFileType = sourcecode.swift; path = AppDelegate.swift; sourceTree = "<group>"; };
		72AA650424BAB24A00633E55 /* Astromaximum2.xcodeproj */ = {isa = PBXFileReference; lastKnownFileType = "wrapper.pb-project"; name = Astromaximum2.xcodeproj; path = ../Astromaximum2/Astromaximum2.xcodeproj; sourceTree = "<group>"; };
		72B6C66424C8052C00E7BC98 /* en */ = {isa = PBXFileReference; lastKnownFileType = text.plist.strings; name = en; path = en.lproj/EventListTitle.strings; sourceTree = "<group>"; };
		72B6C66624C8053D00E7BC98 /* ru */ = {isa = PBXFileReference; lastKnownFileType = text.plist.strings; name = ru; path = ru.lproj/EventListTitle.strings; sourceTree = "<group>"; };
		72DB5BA324DC685000E20F7E /* SceneDelegate.swift */ = {isa = PBXFileReference; fileEncoding = 4; lastKnownFileType = sourcecode.swift; path = SceneDelegate.swift; sourceTree = "<group>"; };
		72DB5BA824DC702500E20F7E /* AmaxCommonDataFile.swift */ = {isa = PBXFileReference; fileEncoding = 4; lastKnownFileType = sourcecode.swift; path = AmaxCommonDataFile.swift; sourceTree = "<group>"; };
		84B1AC6A1647BB3E007188B1 /* Astromaximum.app */ = {isa = PBXFileReference; explicitFileType = wrapper.application; includeInIndex = 0; path = Astromaximum.app; sourceTree = BUILT_PRODUCTS_DIR; };
		84B1AC6E1647BB3E007188B1 /* UIKit.framework */ = {isa = PBXFileReference; lastKnownFileType = wrapper.framework; name = UIKit.framework; path = System/Library/Frameworks/UIKit.framework; sourceTree = SDKROOT; };
		84B1AC701647BB3E007188B1 /* Foundation.framework */ = {isa = PBXFileReference; lastKnownFileType = wrapper.framework; name = Foundation.framework; path = System/Library/Frameworks/Foundation.framework; sourceTree = SDKROOT; };
		84B1AC721647BB3E007188B1 /* CoreGraphics.framework */ = {isa = PBXFileReference; lastKnownFileType = wrapper.framework; name = CoreGraphics.framework; path = System/Library/Frameworks/CoreGraphics.framework; sourceTree = SDKROOT; };
		84B1AC761647BB3E007188B1 /* Astromaximum-Info.plist */ = {isa = PBXFileReference; lastKnownFileType = text.plist.xml; path = "Astromaximum-Info.plist"; sourceTree = "<group>"; };
		84B1AC781647BB3E007188B1 /* en */ = {isa = PBXFileReference; lastKnownFileType = text.plist.strings; name = en; path = en.lproj/InfoPlist.strings; sourceTree = "<group>"; };
		84B1AC7C1647BB3E007188B1 /* Astromaximum-Prefix.pch */ = {isa = PBXFileReference; lastKnownFileType = sourcecode.c.h; path = "Astromaximum-Prefix.pch"; sourceTree = "<group>"; };
		84D5B4B6166EA4ED00F30D70 /* Astronom.ttf */ = {isa = PBXFileReference; lastKnownFileType = file; name = Astronom.ttf; path = Resources/Astronom.ttf; sourceTree = "<group>"; };
		84DF76DA175957BD00A3D7A9 /* en */ = {isa = PBXFileReference; lastKnownFileType = text.plist.strings; name = en; path = en.lproj/WeekDays.strings; sourceTree = "<group>"; };
		84DF76DC175957C500A3D7A9 /* ru */ = {isa = PBXFileReference; lastKnownFileType = text.plist.strings; name = ru; path = ru.lproj/WeekDays.strings; sourceTree = "<group>"; };
		84E39A09168DCF73005DC0C5 /* en */ = {isa = PBXFileReference; lastKnownFileType = file; name = en; path = en.lproj/interpret.dat; sourceTree = "<group>"; };
		84E39A0B168DCF95005DC0C5 /* ru */ = {isa = PBXFileReference; lastKnownFileType = file; name = ru; path = ru.lproj/interpret.dat; sourceTree = "<group>"; };
		84E98AE8168E0F2A006AAA55 /* en */ = {isa = PBXFileReference; lastKnownFileType = text.plist.strings; name = en; path = en.lproj/Planets.strings; sourceTree = "<group>"; };
		84E98AEA168E0F30006AAA55 /* ru */ = {isa = PBXFileReference; lastKnownFileType = text.plist.strings; name = ru; path = ru.lproj/Planets.strings; sourceTree = "<group>"; };
		84E98AEE168E0F64006AAA55 /* en */ = {isa = PBXFileReference; lastKnownFileType = text.plist.strings; name = en; path = en.lproj/ConstellGenitive.strings; sourceTree = "<group>"; };
		84E98AF0168E0F69006AAA55 /* ru */ = {isa = PBXFileReference; lastKnownFileType = text.plist.strings; name = ru; path = ru.lproj/ConstellGenitive.strings; sourceTree = "<group>"; };
		84E98AF4168E0F88006AAA55 /* en */ = {isa = PBXFileReference; lastKnownFileType = text.plist.strings; name = en; path = en.lproj/ConstellLocative.strings; sourceTree = "<group>"; };
		84E98AF6168E0F8D006AAA55 /* ru */ = {isa = PBXFileReference; lastKnownFileType = text.plist.strings; name = ru; path = ru.lproj/ConstellLocative.strings; sourceTree = "<group>"; };
		84E98AFA168E0FAB006AAA55 /* en */ = {isa = PBXFileReference; lastKnownFileType = text.plist.strings; name = en; path = en.lproj/PlanetsGenitive.strings; sourceTree = "<group>"; };
		84E98AFC168E0FAF006AAA55 /* ru */ = {isa = PBXFileReference; lastKnownFileType = text.plist.strings; name = ru; path = ru.lproj/PlanetsGenitive.strings; sourceTree = "<group>"; };
		84E98B00168E0FCA006AAA55 /* en */ = {isa = PBXFileReference; lastKnownFileType = text.plist.strings; name = en; path = en.lproj/Aspects.strings; sourceTree = "<group>"; };
		84E98B02168E0FCF006AAA55 /* ru */ = {isa = PBXFileReference; lastKnownFileType = text.plist.strings; name = ru; path = ru.lproj/Aspects.strings; sourceTree = "<group>"; };
		84E98B0D168E52A2006AAA55 /* main.m */ = {isa = PBXFileReference; fileEncoding = 4; lastKnownFileType = sourcecode.c.objc; path = main.m; sourceTree = "<group>"; };
		84E98B26168E6331006AAA55 /* AmaxAppDelegate.h */ = {isa = PBXFileReference; fileEncoding = 4; lastKnownFileType = sourcecode.c.h; path = AmaxAppDelegate.h; sourceTree = "<group>"; };
		84E98B27168E6331006AAA55 /* AmaxAppDelegate.m */ = {isa = PBXFileReference; fileEncoding = 4; lastKnownFileType = sourcecode.c.objc; path = AmaxAppDelegate.m; sourceTree = "<group>"; };
		84E98B28168E6331006AAA55 /* AmaxAstroLabel.h */ = {isa = PBXFileReference; fileEncoding = 4; lastKnownFileType = sourcecode.c.h; path = AmaxAstroLabel.h; sourceTree = "<group>"; };
		84E98B29168E6331006AAA55 /* AmaxAstroLabel.m */ = {isa = PBXFileReference; fileEncoding = 4; lastKnownFileType = sourcecode.c.objc; path = AmaxAstroLabel.m; sourceTree = "<group>"; };
		84E98B2A168E6331006AAA55 /* AmaxBaseViewController.h */ = {isa = PBXFileReference; fileEncoding = 4; lastKnownFileType = sourcecode.c.h; path = AmaxBaseViewController.h; sourceTree = "<group>"; };
		84E98B2B168E6331006AAA55 /* AmaxBaseViewController.m */ = {isa = PBXFileReference; fileEncoding = 4; lastKnownFileType = sourcecode.c.objc; path = AmaxBaseViewController.m; sourceTree = "<group>"; };
		84E98B2C168E6331006AAA55 /* AmaxDateSelectController.h */ = {isa = PBXFileReference; fileEncoding = 4; lastKnownFileType = sourcecode.c.h; path = AmaxDateSelectController.h; sourceTree = "<group>"; };
		84E98B2D168E6331006AAA55 /* AmaxDateSelectController.m */ = {isa = PBXFileReference; fileEncoding = 4; lastKnownFileType = sourcecode.c.objc; path = AmaxDateSelectController.m; sourceTree = "<group>"; };
		84E98B2E168E6331006AAA55 /* AmaxEventListViewController.h */ = {isa = PBXFileReference; fileEncoding = 4; lastKnownFileType = sourcecode.c.h; path = AmaxEventListViewController.h; sourceTree = "<group>"; };
		84E98B2F168E6331006AAA55 /* AmaxEventListViewController.m */ = {isa = PBXFileReference; fileEncoding = 4; lastKnownFileType = sourcecode.c.objc; path = AmaxEventListViewController.m; sourceTree = "<group>"; };
		84E98B30168E6331006AAA55 /* AmaxInterpreterController.h */ = {isa = PBXFileReference; fileEncoding = 4; lastKnownFileType = sourcecode.c.h; path = AmaxInterpreterController.h; sourceTree = "<group>"; };
		84E98B31168E6331006AAA55 /* AmaxInterpreterController.m */ = {isa = PBXFileReference; fileEncoding = 4; lastKnownFileType = sourcecode.c.objc; path = AmaxInterpreterController.m; sourceTree = "<group>"; };
		84E98B32168E6331006AAA55 /* AmaxLocationListController.h */ = {isa = PBXFileReference; fileEncoding = 4; lastKnownFileType = sourcecode.c.h; path = AmaxLocationListController.h; sourceTree = "<group>"; };
		84E98B33168E6331006AAA55 /* AmaxLocationListController.m */ = {isa = PBXFileReference; fileEncoding = 4; lastKnownFileType = sourcecode.c.objc; path = AmaxLocationListController.m; sourceTree = "<group>"; };
		84E98B34168E6331006AAA55 /* AmaxSettingsController.h */ = {isa = PBXFileReference; fileEncoding = 4; lastKnownFileType = sourcecode.c.h; path = AmaxSettingsController.h; sourceTree = "<group>"; };
		84E98B35168E6331006AAA55 /* AmaxSettingsController.m */ = {isa = PBXFileReference; fileEncoding = 4; lastKnownFileType = sourcecode.c.objc; path = AmaxSettingsController.m; sourceTree = "<group>"; };
		84E98B36168E6331006AAA55 /* AmaxSummaryViewController.h */ = {isa = PBXFileReference; fileEncoding = 4; lastKnownFileType = sourcecode.c.h; path = AmaxSummaryViewController.h; sourceTree = "<group>"; };
		84E98B37168E6331006AAA55 /* AmaxSummaryViewController.m */ = {isa = PBXFileReference; fileEncoding = 4; lastKnownFileType = sourcecode.c.objc; path = AmaxSummaryViewController.m; sourceTree = "<group>"; };
		84E98B39168E6331006AAA55 /* AmaxCommonDataFile.h */ = {isa = PBXFileReference; fileEncoding = 4; lastKnownFileType = sourcecode.c.h; path = AmaxCommonDataFile.h; sourceTree = "<group>"; };
		84E98B3A168E6331006AAA55 /* AmaxCommonDataFile.m */ = {isa = PBXFileReference; fileEncoding = 4; lastKnownFileType = sourcecode.c.objc; path = AmaxCommonDataFile.m; sourceTree = "<group>"; };
		84E98B3B168E6331006AAA55 /* AmaxDataInputStream.h */ = {isa = PBXFileReference; fileEncoding = 4; lastKnownFileType = sourcecode.c.h; path = AmaxDataInputStream.h; sourceTree = "<group>"; };
		84E98B3C168E6331006AAA55 /* AmaxDataInputStream.m */ = {isa = PBXFileReference; fileEncoding = 4; lastKnownFileType = sourcecode.c.objc; path = AmaxDataInputStream.m; sourceTree = "<group>"; };
		84E98B3D168E6331006AAA55 /* AmaxDataProvider.h */ = {isa = PBXFileReference; fileEncoding = 4; lastKnownFileType = sourcecode.c.h; path = AmaxDataProvider.h; sourceTree = "<group>"; };
		84E98B3E168E6331006AAA55 /* AmaxDataProvider.m */ = {isa = PBXFileReference; fileEncoding = 4; lastKnownFileType = sourcecode.c.objc; path = AmaxDataProvider.m; sourceTree = "<group>"; };
		84E98B3F168E6331006AAA55 /* AmaxEvent.h */ = {isa = PBXFileReference; fileEncoding = 4; lastKnownFileType = sourcecode.c.h; path = AmaxEvent.h; sourceTree = "<group>"; };
		84E98B40168E6331006AAA55 /* AmaxEvent.m */ = {isa = PBXFileReference; fileEncoding = 4; lastKnownFileType = sourcecode.c.objc; path = AmaxEvent.m; sourceTree = "<group>"; };
		84E98B41168E6331006AAA55 /* AmaxInterpretationProvider.h */ = {isa = PBXFileReference; fileEncoding = 4; lastKnownFileType = sourcecode.c.h; path = AmaxInterpretationProvider.h; sourceTree = "<group>"; };
		84E98B42168E6331006AAA55 /* AmaxInterpretationProvider.m */ = {isa = PBXFileReference; fileEncoding = 4; lastKnownFileType = sourcecode.c.objc; path = AmaxInterpretationProvider.m; sourceTree = "<group>"; };
		84E98B43168E6331006AAA55 /* AmaxLocationBundle.h */ = {isa = PBXFileReference; fileEncoding = 4; lastKnownFileType = sourcecode.c.h; path = AmaxLocationBundle.h; sourceTree = "<group>"; };
		84E98B44168E6331006AAA55 /* AmaxLocationBundle.m */ = {isa = PBXFileReference; fileEncoding = 4; lastKnownFileType = sourcecode.c.objc; path = AmaxLocationBundle.m; sourceTree = "<group>"; };
		84E98B45168E6331006AAA55 /* AmaxLocationDataFile.h */ = {isa = PBXFileReference; fileEncoding = 4; lastKnownFileType = sourcecode.c.h; path = AmaxLocationDataFile.h; sourceTree = "<group>"; };
		84E98B46168E6331006AAA55 /* AmaxLocationDataFile.m */ = {isa = PBXFileReference; fileEncoding = 4; lastKnownFileType = sourcecode.c.objc; path = AmaxLocationDataFile.m; sourceTree = "<group>"; };
		84E98B47168E6331006AAA55 /* AmaxPrefs.h */ = {isa = PBXFileReference; fileEncoding = 4; lastKnownFileType = sourcecode.c.h; path = AmaxPrefs.h; sourceTree = "<group>"; };
		84E98B48168E6331006AAA55 /* AmaxPrefs.m */ = {isa = PBXFileReference; fileEncoding = 4; lastKnownFileType = sourcecode.c.objc; path = AmaxPrefs.m; sourceTree = "<group>"; };
		84E98B49168E6331006AAA55 /* AmaxSummaryItem.h */ = {isa = PBXFileReference; fileEncoding = 4; lastKnownFileType = sourcecode.c.h; path = AmaxSummaryItem.h; sourceTree = "<group>"; };
		84E98B4A168E6331006AAA55 /* AmaxSummaryItem.m */ = {isa = PBXFileReference; fileEncoding = 4; lastKnownFileType = sourcecode.c.objc; path = AmaxSummaryItem.m; sourceTree = "<group>"; };
		84E98B4B168E6331006AAA55 /* AmaxTimezoneTransition.h */ = {isa = PBXFileReference; fileEncoding = 4; lastKnownFileType = sourcecode.c.h; path = AmaxTimezoneTransition.h; sourceTree = "<group>"; };
		84E98B4C168E6331006AAA55 /* AmaxTimezoneTransition.m */ = {isa = PBXFileReference; fileEncoding = 4; lastKnownFileType = sourcecode.c.objc; path = AmaxTimezoneTransition.m; sourceTree = "<group>"; };
		84E98B4D168E6331006AAA55 /* AmaxTypes.c */ = {isa = PBXFileReference; fileEncoding = 4; lastKnownFileType = sourcecode.c.c; path = AmaxTypes.c; sourceTree = "<group>"; };
		84E98B4E168E6331006AAA55 /* AmaxTypes.h */ = {isa = PBXFileReference; fileEncoding = 4; lastKnownFileType = sourcecode.c.h; path = AmaxTypes.h; sourceTree = "<group>"; };
		84E98B50168E6331006AAA55 /* AmaxMoonMoveCell.h */ = {isa = PBXFileReference; fileEncoding = 4; lastKnownFileType = sourcecode.c.h; path = AmaxMoonMoveCell.h; sourceTree = "<group>"; };
		84E98B51168E6331006AAA55 /* AmaxMoonMoveCell.m */ = {isa = PBXFileReference; fileEncoding = 4; lastKnownFileType = sourcecode.c.objc; path = AmaxMoonMoveCell.m; sourceTree = "<group>"; };
		84E98B52168E6331006AAA55 /* AmaxMoonSignCell.h */ = {isa = PBXFileReference; fileEncoding = 4; lastKnownFileType = sourcecode.c.h; path = AmaxMoonSignCell.h; sourceTree = "<group>"; };
		84E98B53168E6331006AAA55 /* AmaxMoonSignCell.m */ = {isa = PBXFileReference; fileEncoding = 4; lastKnownFileType = sourcecode.c.objc; path = AmaxMoonSignCell.m; sourceTree = "<group>"; };
		84E98B54168E6331006AAA55 /* AmaxPlanetHourCell.h */ = {isa = PBXFileReference; fileEncoding = 4; lastKnownFileType = sourcecode.c.h; path = AmaxPlanetHourCell.h; sourceTree = "<group>"; };
		84E98B55168E6331006AAA55 /* AmaxPlanetHourCell.m */ = {isa = PBXFileReference; fileEncoding = 4; lastKnownFileType = sourcecode.c.objc; path = AmaxPlanetHourCell.m; sourceTree = "<group>"; };
		84E98B56168E6331006AAA55 /* AmaxSunDegreeCell.h */ = {isa = PBXFileReference; fileEncoding = 4; lastKnownFileType = sourcecode.c.h; path = AmaxSunDegreeCell.h; sourceTree = "<group>"; };
		84E98B57168E6331006AAA55 /* AmaxSunDegreeCell.m */ = {isa = PBXFileReference; fileEncoding = 4; lastKnownFileType = sourcecode.c.objc; path = AmaxSunDegreeCell.m; sourceTree = "<group>"; };
		84E98B58168E6331006AAA55 /* AmaxTableCell.h */ = {isa = PBXFileReference; fileEncoding = 4; lastKnownFileType = sourcecode.c.h; path = AmaxTableCell.h; sourceTree = "<group>"; };
		84E98B59168E6331006AAA55 /* AmaxTableCell.m */ = {isa = PBXFileReference; fileEncoding = 4; lastKnownFileType = sourcecode.c.objc; path = AmaxTableCell.m; sourceTree = "<group>"; };
		84E98B5A168E6331006AAA55 /* AmaxTithiCell.h */ = {isa = PBXFileReference; fileEncoding = 4; lastKnownFileType = sourcecode.c.h; path = AmaxTithiCell.h; sourceTree = "<group>"; };
		84E98B5B168E6331006AAA55 /* AmaxTithiCell.m */ = {isa = PBXFileReference; fileEncoding = 4; lastKnownFileType = sourcecode.c.objc; path = AmaxTithiCell.m; sourceTree = "<group>"; };
		84E98B5C168E6331006AAA55 /* AmaxViaCombustaCell.h */ = {isa = PBXFileReference; fileEncoding = 4; lastKnownFileType = sourcecode.c.h; path = AmaxViaCombustaCell.h; sourceTree = "<group>"; };
		84E98B5D168E6331006AAA55 /* AmaxViaCombustaCell.m */ = {isa = PBXFileReference; fileEncoding = 4; lastKnownFileType = sourcecode.c.objc; path = AmaxViaCombustaCell.m; sourceTree = "<group>"; };
		84E98B5E168E6331006AAA55 /* AmaxVocCell.h */ = {isa = PBXFileReference; fileEncoding = 4; lastKnownFileType = sourcecode.c.h; path = AmaxVocCell.h; sourceTree = "<group>"; };
		84E98B5F168E6331006AAA55 /* AmaxVocCell.m */ = {isa = PBXFileReference; fileEncoding = 4; lastKnownFileType = sourcecode.c.objc; path = AmaxVocCell.m; sourceTree = "<group>"; };
		84EB53F5168CE8010089D6F6 /* en */ = {isa = PBXFileReference; lastKnownFileType = text.plist.strings; name = en; path = en.lproj/Localizable.strings; sourceTree = "<group>"; };
		84EB53F7168CE8470089D6F6 /* ru */ = {isa = PBXFileReference; lastKnownFileType = text.plist.strings; name = ru; path = ru.lproj/Localizable.strings; sourceTree = "<group>"; };
/* End PBXFileReference section */

/* Begin PBXFrameworksBuildPhase section */
		84B1AC671647BB3E007188B1 /* Frameworks */ = {
			isa = PBXFrameworksBuildPhase;
			buildActionMask = 2147483647;
			files = (
				84B1AC6F1647BB3E007188B1 /* UIKit.framework in Frameworks */,
				84B1AC711647BB3E007188B1 /* Foundation.framework in Frameworks */,
				84B1AC731647BB3E007188B1 /* CoreGraphics.framework in Frameworks */,
			);
			runOnlyForDeploymentPostprocessing = 0;
		};
/* End PBXFrameworksBuildPhase section */

/* Begin PBXGroup section */
		72AA650524BAB24A00633E55 /* Products */ = {
			isa = PBXGroup;
			children = (
				72AA650924BAB24A00633E55 /* Astromaximum2.app */,
			);
			name = Products;
			sourceTree = "<group>";
		};
		8483FDDA166594AD000C9143 /* Resources */ = {
			isa = PBXGroup;
			children = (
				84DFC22716A59DDE003D8B01 /* Xib */,
				84D5B4B6166EA4ED00F30D70 /* Astronom.ttf */,
			);
			name = Resources;
			sourceTree = "<group>";
		};
		84B1AC5F1647BB3E007188B1 = {
			isa = PBXGroup;
			children = (
				72AA650424BAB24A00633E55 /* Astromaximum2.xcodeproj */,
				72606C9324B823FB009B0113 /* Default-568h@2x.png */,
				84B1AC741647BB3E007188B1 /* Astromaximum */,
				84B1AC6D1647BB3E007188B1 /* Frameworks */,
				84B1AC6B1647BB3E007188B1 /* Products */,
			);
			sourceTree = "<group>";
		};
		84B1AC6B1647BB3E007188B1 /* Products */ = {
			isa = PBXGroup;
			children = (
				84B1AC6A1647BB3E007188B1 /* Astromaximum.app */,
			);
			name = Products;
			sourceTree = "<group>";
		};
		84B1AC6D1647BB3E007188B1 /* Frameworks */ = {
			isa = PBXGroup;
			children = (
				84B1AC6E1647BB3E007188B1 /* UIKit.framework */,
				84B1AC701647BB3E007188B1 /* Foundation.framework */,
				84B1AC721647BB3E007188B1 /* CoreGraphics.framework */,
			);
			name = Frameworks;
			sourceTree = "<group>";
		};
		84B1AC741647BB3E007188B1 /* Astromaximum */ = {
			isa = PBXGroup;
			children = (
				84E98B25168E6331006AAA55 /* Classes */,
				8483FDDA166594AD000C9143 /* Resources */,
				72A4218724C8AE860096DF9C /* Images.xcassets */,
				84B1AC751647BB3E007188B1 /* Supporting Files */,
			);
			path = Astromaximum;
			sourceTree = "<group>";
		};
		84B1AC751647BB3E007188B1 /* Supporting Files */ = {
			isa = PBXGroup;
			children = (
				84E98B23168E62E7006AAA55 /* Localization */,
				84E98B0D168E52A2006AAA55 /* main.m */,
				72606C9724B82CBE009B0113 /* locations.dat */,
				72606C9624B82CB4009B0113 /* common.dat */,
				84B1AC761647BB3E007188B1 /* Astromaximum-Info.plist */,
				84B1AC7C1647BB3E007188B1 /* Astromaximum-Prefix.pch */,
				84B1AC771647BB3E007188B1 /* InfoPlist.strings */,
			);
			name = "Supporting Files";
			sourceTree = "<group>";
		};
		84DFC22716A59DDE003D8B01 /* Xib */ = {
			isa = PBXGroup;
			children = (
				84DFC23B16A5A362003D8B01 /* Cells */,
				84DFC22916A59E00003D8B01 /* AmaxDateSelectController.xib */,
				84DFC22B16A59E00003D8B01 /* AmaxEventListViewController.xib */,
				84DFC22D16A59E00003D8B01 /* AmaxInterpreterController.xib */,
				84DFC22F16A59E00003D8B01 /* AmaxLocationListController.xib */,
				84DFC23116A59E00003D8B01 /* AmaxSettingsController.xib */,
				84DFC23316A59E00003D8B01 /* AmaxSummaryViewController.xib */,
			);
			name = Xib;
			sourceTree = "<group>";
		};
		84DFC23B16A5A362003D8B01 /* Cells */ = {
			isa = PBXGroup;
			children = (
				729AFB2124D0C0C500EF0894 /* AspectCell.xib */,
				84DFC23C16A5A380003D8B01 /* AspectSetCell.xib */,
				84DFC23E16A5A380003D8B01 /* MoonMoveCell.xib */,
				84DFC24016A5A380003D8B01 /* MoonSignCell.xib */,
				84DFC24216A5A380003D8B01 /* PlanetHourCell.xib */,
				84DFC24416A5A380003D8B01 /* RetrogradeSetCell.xib */,
				84DFC24616A5A380003D8B01 /* SunDegreeCell.xib */,
				84DFC24816A5A380003D8B01 /* TithiCell.xib */,
				84DFC24A16A5A380003D8B01 /* ViaCombustaCell.xib */,
				72A6011D24B83144002C1322 /* VocCell.xib */,
			);
			name = Cells;
			sourceTree = "<group>";
		};
		84E98B23168E62E7006AAA55 /* Localization */ = {
			isa = PBXGroup;
			children = (
				72B6C66324C8052C00E7BC98 /* EventListTitle.strings */,
				84E39A0A168DCF73005DC0C5 /* interpret.dat */,
				84EB53F6168CE8010089D6F6 /* Localizable.strings */,
				84E98AE9168E0F2A006AAA55 /* Planets.strings */,
				84E98AEF168E0F64006AAA55 /* ConstellGenitive.strings */,
				84E98AF5168E0F88006AAA55 /* ConstellLocative.strings */,
				84E98AFB168E0FAB006AAA55 /* PlanetsGenitive.strings */,
				84E98B01168E0FCA006AAA55 /* Aspects.strings */,
				84DF76DB175957BD00A3D7A9 /* WeekDays.strings */,
			);
			name = Localization;
			sourceTree = "<group>";
		};
		84E98B25168E6331006AAA55 /* Classes */ = {
			isa = PBXGroup;
			children = (
				84E98B4F168E6331006AAA55 /* Cells */,
				84E98B7C168E63B6006AAA55 /* Controllers */,
				84E98B38168E6331006AAA55 /* Utils */,
				84E98B26168E6331006AAA55 /* AmaxAppDelegate.h */,
				84E98B27168E6331006AAA55 /* AmaxAppDelegate.m */,
				72AA2A6724DBC99600A5E00A /* AppDelegate.swift */,
				72DB5BA324DC685000E20F7E /* SceneDelegate.swift */,
				84E98B28168E6331006AAA55 /* AmaxAstroLabel.h */,
				84E98B29168E6331006AAA55 /* AmaxAstroLabel.m */,
				72AA2A6624DBC99600A5E00A /* Astromaximum-Bridging-Header.h */,
			);
			path = Classes;
			sourceTree = "<group>";
		};
		84E98B38168E6331006AAA55 /* Utils */ = {
			isa = PBXGroup;
			children = (
				72DB5BA824DC702500E20F7E /* AmaxCommonDataFile.swift */,
				84E98B39168E6331006AAA55 /* AmaxCommonDataFile.h */,
				84E98B3A168E6331006AAA55 /* AmaxCommonDataFile.m */,
				84E98B3B168E6331006AAA55 /* AmaxDataInputStream.h */,
				729C4FDB24DDD23D0058E1EA /* AmaxDataInputStream.swift */,
				84E98B3C168E6331006AAA55 /* AmaxDataInputStream.m */,
				84E98B3D168E6331006AAA55 /* AmaxDataProvider.h */,
				84E98B3E168E6331006AAA55 /* AmaxDataProvider.m */,
				84E98B3F168E6331006AAA55 /* AmaxEvent.h */,
				84E98B40168E6331006AAA55 /* AmaxEvent.m */,
				84E98B41168E6331006AAA55 /* AmaxInterpretationProvider.h */,
				84E98B42168E6331006AAA55 /* AmaxInterpretationProvider.m */,
				84E98B43168E6331006AAA55 /* AmaxLocationBundle.h */,
				84E98B44168E6331006AAA55 /* AmaxLocationBundle.m */,
				84E98B45168E6331006AAA55 /* AmaxLocationDataFile.h */,
				84E98B46168E6331006AAA55 /* AmaxLocationDataFile.m */,
				84E98B49168E6331006AAA55 /* AmaxSummaryItem.h */,
				84E98B47168E6331006AAA55 /* AmaxPrefs.h */,
				84E98B48168E6331006AAA55 /* AmaxPrefs.m */,
				84E98B4A168E6331006AAA55 /* AmaxSummaryItem.m */,
				84E98B4B168E6331006AAA55 /* AmaxTimezoneTransition.h */,
				84E98B4C168E6331006AAA55 /* AmaxTimezoneTransition.m */,
				84E98B4D168E6331006AAA55 /* AmaxTypes.c */,
				84E98B4E168E6331006AAA55 /* AmaxTypes.h */,
			);
			name = Utils;
			path = utils;
			sourceTree = "<group>";
		};
		84E98B4F168E6331006AAA55 /* Cells */ = {
			isa = PBXGroup;
			children = (
				729AFB1824D0AF0400EF0894 /* AmaxAspectSetCell.h */,
				729AFB1924D0AF1B00EF0894 /* AmaxAspectSetCell.m */,
				84E98B50168E6331006AAA55 /* AmaxMoonMoveCell.h */,
				72AA2A6524DBC33200A5E00A /* AmaxAspectCell.h */,
				72AA2A6324DBC32300A5E00A /* AmaxAspectCell.m */,
				84E98B51168E6331006AAA55 /* AmaxMoonMoveCell.m */,
				84E98B52168E6331006AAA55 /* AmaxMoonSignCell.h */,
				84E98B53168E6331006AAA55 /* AmaxMoonSignCell.m */,
				84E98B54168E6331006AAA55 /* AmaxPlanetHourCell.h */,
				84E98B55168E6331006AAA55 /* AmaxPlanetHourCell.m */,
				84E98B56168E6331006AAA55 /* AmaxSunDegreeCell.h */,
				84E98B57168E6331006AAA55 /* AmaxSunDegreeCell.m */,
				84E98B58168E6331006AAA55 /* AmaxTableCell.h */,
				84E98B59168E6331006AAA55 /* AmaxTableCell.m */,
				84E98B5A168E6331006AAA55 /* AmaxTithiCell.h */,
				84E98B5B168E6331006AAA55 /* AmaxTithiCell.m */,
				84E98B5C168E6331006AAA55 /* AmaxViaCombustaCell.h */,
				84E98B5D168E6331006AAA55 /* AmaxViaCombustaCell.m */,
				84E98B5E168E6331006AAA55 /* AmaxVocCell.h */,
				84E98B5F168E6331006AAA55 /* AmaxVocCell.m */,
			);
			name = Cells;
			path = utils/cells;
			sourceTree = "<group>";
		};
		84E98B7C168E63B6006AAA55 /* Controllers */ = {
			isa = PBXGroup;
			children = (
				84E98B2A168E6331006AAA55 /* AmaxBaseViewController.h */,
				84E98B2B168E6331006AAA55 /* AmaxBaseViewController.m */,
				84E98B2C168E6331006AAA55 /* AmaxDateSelectController.h */,
				84E98B2D168E6331006AAA55 /* AmaxDateSelectController.m */,
				84E98B2E168E6331006AAA55 /* AmaxEventListViewController.h */,
				84E98B2F168E6331006AAA55 /* AmaxEventListViewController.m */,
				84E98B30168E6331006AAA55 /* AmaxInterpreterController.h */,
				84E98B31168E6331006AAA55 /* AmaxInterpreterController.m */,
				84E98B32168E6331006AAA55 /* AmaxLocationListController.h */,
				84E98B33168E6331006AAA55 /* AmaxLocationListController.m */,
				84E98B34168E6331006AAA55 /* AmaxSettingsController.h */,
				84E98B35168E6331006AAA55 /* AmaxSettingsController.m */,
				84E98B36168E6331006AAA55 /* AmaxSummaryViewController.h */,
				84E98B37168E6331006AAA55 /* AmaxSummaryViewController.m */,
			);
			name = Controllers;
			sourceTree = "<group>";
		};
/* End PBXGroup section */

/* Begin PBXNativeTarget section */
		84B1AC691647BB3E007188B1 /* Astromaximum */ = {
			isa = PBXNativeTarget;
			buildConfigurationList = 84B1AC8E1647BB3E007188B1 /* Build configuration list for PBXNativeTarget "Astromaximum" */;
			buildPhases = (
				84B1AC661647BB3E007188B1 /* Sources */,
				84B1AC671647BB3E007188B1 /* Frameworks */,
				84B1AC681647BB3E007188B1 /* Resources */,
				84825A701663E71500524DB2 /* ShellScript */,
			);
			buildRules = (
			);
			dependencies = (
			);
			name = Astromaximum;
			productName = Astromaximum;
			productReference = 84B1AC6A1647BB3E007188B1 /* Astromaximum.app */;
			productType = "com.apple.product-type.application";
		};
/* End PBXNativeTarget section */

/* Begin PBXProject section */
		84B1AC611647BB3E007188B1 /* Project object */ = {
			isa = PBXProject;
			attributes = {
				LastUpgradeCheck = 1150;
				ORGANIZATIONNAME = "S&W Axis";
				TargetAttributes = {
					84B1AC691647BB3E007188B1 = {
						DevelopmentTeam = 8MSTLPJ26R;
						LastSwiftMigration = 1160;
					};
				};
			};
			buildConfigurationList = 84B1AC641647BB3E007188B1 /* Build configuration list for PBXProject "Astromaximum" */;
			compatibilityVersion = "Xcode 3.2";
			developmentRegion = en;
			hasScannedForEncodings = 0;
			knownRegions = (
				en,
				de,
				fr,
				ru,
				Base,
			);
			mainGroup = 84B1AC5F1647BB3E007188B1;
			productRefGroup = 84B1AC6B1647BB3E007188B1 /* Products */;
			projectDirPath = "";
			projectReferences = (
				{
					ProductGroup = 72AA650524BAB24A00633E55 /* Products */;
					ProjectRef = 72AA650424BAB24A00633E55 /* Astromaximum2.xcodeproj */;
				},
			);
			projectRoot = "";
			targets = (
				84B1AC691647BB3E007188B1 /* Astromaximum */,
			);
		};
/* End PBXProject section */

/* Begin PBXReferenceProxy section */
		72AA650924BAB24A00633E55 /* Astromaximum2.app */ = {
			isa = PBXReferenceProxy;
			fileType = wrapper.application;
			path = Astromaximum2.app;
			remoteRef = 72AA650824BAB24A00633E55 /* PBXContainerItemProxy */;
			sourceTree = BUILT_PRODUCTS_DIR;
		};
/* End PBXReferenceProxy section */

/* Begin PBXResourcesBuildPhase section */
		84B1AC681647BB3E007188B1 /* Resources */ = {
			isa = PBXResourcesBuildPhase;
			buildActionMask = 2147483647;
			files = (
				84B1AC791647BB3E007188B1 /* InfoPlist.strings in Resources */,
				72A4218824C8AE860096DF9C /* Images.xcassets in Resources */,
				72606C9424B823FB009B0113 /* Default-568h@2x.png in Resources */,
				84D5B4B7166EA4ED00F30D70 /* Astronom.ttf in Resources */,
				84EB53F4168CE8010089D6F6 /* Localizable.strings in Resources */,
				84E39A08168DCF73005DC0C5 /* interpret.dat in Resources */,
				84E98AE7168E0F2A006AAA55 /* Planets.strings in Resources */,
				84E98AED168E0F64006AAA55 /* ConstellGenitive.strings in Resources */,
				84E98AF3168E0F88006AAA55 /* ConstellLocative.strings in Resources */,
				72A6011F24B83144002C1322 /* VocCell.xib in Resources */,
				84E98AF9168E0FAB006AAA55 /* PlanetsGenitive.strings in Resources */,
				72B6C66524C8052C00E7BC98 /* EventListTitle.strings in Resources */,
				84E98AFF168E0FCA006AAA55 /* Aspects.strings in Resources */,
				72606C9824B82D9C009B0113 /* locations.dat in Resources */,
				84DFC23516A59E00003D8B01 /* AmaxDateSelectController.xib in Resources */,
				84DFC23616A59E00003D8B01 /* AmaxEventListViewController.xib in Resources */,
				84DFC23716A59E00003D8B01 /* AmaxInterpreterController.xib in Resources */,
				84DFC23816A59E00003D8B01 /* AmaxLocationListController.xib in Resources */,
				84DFC23916A59E00003D8B01 /* AmaxSettingsController.xib in Resources */,
				84DFC23A16A59E00003D8B01 /* AmaxSummaryViewController.xib in Resources */,
				84DFC24E16A5A380003D8B01 /* AspectSetCell.xib in Resources */,
				84DFC24F16A5A380003D8B01 /* MoonMoveCell.xib in Resources */,
				84DFC25016A5A380003D8B01 /* MoonSignCell.xib in Resources */,
				84DFC25116A5A380003D8B01 /* PlanetHourCell.xib in Resources */,
				84DFC25216A5A380003D8B01 /* RetrogradeSetCell.xib in Resources */,
				72606C9924B82DA0009B0113 /* common.dat in Resources */,
				84DFC25316A5A380003D8B01 /* SunDegreeCell.xib in Resources */,
				84DFC25416A5A380003D8B01 /* TithiCell.xib in Resources */,
				84DFC25516A5A380003D8B01 /* ViaCombustaCell.xib in Resources */,
				84DF76D9175957BD00A3D7A9 /* WeekDays.strings in Resources */,
				729AFB2324D0C0C500EF0894 /* AspectCell.xib in Resources */,
			);
			runOnlyForDeploymentPostprocessing = 0;
		};
/* End PBXResourcesBuildPhase section */

/* Begin PBXShellScriptBuildPhase section */
		84825A701663E71500524DB2 /* ShellScript */ = {
			isa = PBXShellScriptBuildPhase;
			buildActionMask = 2147483647;
			files = (
			);
			inputPaths = (
			);
			outputPaths = (
			);
			runOnlyForDeploymentPostprocessing = 0;
			shellPath = /bin/sh;
			shellScript = "KEYWORDS=\"TODO:|FIXME:|\\?\\?\\?:|\\!\\!\\!:\"\nfind \"${SRCROOT}\" \\( -name \"*.h\" -or -name \"*.m\" \\) -print0 | xargs -0 egrep --with-filename --line-number --only-matching \"($KEYWORDS).*\\$\" | perl -p -e \"s/($KEYWORDS)/ warning: \\$1/\"\n";
		};
/* End PBXShellScriptBuildPhase section */

/* Begin PBXSourcesBuildPhase section */
		84B1AC661647BB3E007188B1 /* Sources */ = {
			isa = PBXSourcesBuildPhase;
			buildActionMask = 2147483647;
			files = (
				84E98B61168E6331006AAA55 /* AmaxAstroLabel.m in Sources */,
				84E98B62168E6331006AAA55 /* AmaxBaseViewController.m in Sources */,
				72DB5BA424DC685000E20F7E /* SceneDelegate.swift in Sources */,
				84E98B63168E6331006AAA55 /* AmaxDateSelectController.m in Sources */,
				84E98B64168E6331006AAA55 /* AmaxEventListViewController.m in Sources */,
				84E98B65168E6331006AAA55 /* AmaxInterpreterController.m in Sources */,
				84E98B66168E6331006AAA55 /* AmaxLocationListController.m in Sources */,
				84E98B67168E6331006AAA55 /* AmaxSettingsController.m in Sources */,
				729C4FDC24DDD23D0058E1EA /* AmaxDataInputStream.swift in Sources */,
				84E98B68168E6331006AAA55 /* AmaxSummaryViewController.m in Sources */,
				84E98B6B168E6331006AAA55 /* AmaxDataProvider.m in Sources */,
				84E98B6C168E6331006AAA55 /* AmaxEvent.m in Sources */,
				84E98B6D168E6331006AAA55 /* AmaxInterpretationProvider.m in Sources */,
				84E98B6E168E6331006AAA55 /* AmaxLocationBundle.m in Sources */,
				84E98B6F168E6331006AAA55 /* AmaxLocationDataFile.m in Sources */,
				84E98B70168E6331006AAA55 /* AmaxPrefs.m in Sources */,
				84E98B71168E6331006AAA55 /* AmaxSummaryItem.m in Sources */,
				84E98B72168E6331006AAA55 /* AmaxTimezoneTransition.m in Sources */,
				84E98B73168E6331006AAA55 /* AmaxTypes.c in Sources */,
				84E98B74168E6331006AAA55 /* AmaxMoonMoveCell.m in Sources */,
				84E98B75168E6331006AAA55 /* AmaxMoonSignCell.m in Sources */,
				72DB5BA224DC63AC00E20F7E /* AppDelegate.swift in Sources */,
				84E98B76168E6331006AAA55 /* AmaxPlanetHourCell.m in Sources */,
				84E98B77168E6331006AAA55 /* AmaxSunDegreeCell.m in Sources */,
				729AFB1A24D0AF1B00EF0894 /* AmaxAspectSetCell.m in Sources */,
				84E98B78168E6331006AAA55 /* AmaxTableCell.m in Sources */,
				72AA2A6424DBC32300A5E00A /* AmaxAspectCell.m in Sources */,
				84E98B79168E6331006AAA55 /* AmaxTithiCell.m in Sources */,
				729C4FDD24DDD38C0058E1EA /* AmaxCommonDataFile.swift in Sources */,
				84E98B7A168E6331006AAA55 /* AmaxViaCombustaCell.m in Sources */,
				84E98B7B168E6331006AAA55 /* AmaxVocCell.m in Sources */,
			);
			runOnlyForDeploymentPostprocessing = 0;
		};
/* End PBXSourcesBuildPhase section */

/* Begin PBXVariantGroup section */
		729AFB2124D0C0C500EF0894 /* AspectCell.xib */ = {
			isa = PBXVariantGroup;
			children = (
				729AFB2224D0C0C500EF0894 /* Base */,
			);
			name = AspectCell.xib;
			sourceTree = "<group>";
		};
		72A6011D24B83144002C1322 /* VocCell.xib */ = {
			isa = PBXVariantGroup;
			children = (
				727CAEAC24C160A00008A769 /* Base */,
			);
			name = VocCell.xib;
			sourceTree = "<group>";
		};
		72B6C66324C8052C00E7BC98 /* EventListTitle.strings */ = {
			isa = PBXVariantGroup;
			children = (
				72B6C66424C8052C00E7BC98 /* en */,
				72B6C66624C8053D00E7BC98 /* ru */,
			);
			name = EventListTitle.strings;
			sourceTree = "<group>";
		};
		84B1AC771647BB3E007188B1 /* InfoPlist.strings */ = {
			isa = PBXVariantGroup;
			children = (
				84B1AC781647BB3E007188B1 /* en */,
			);
			name = InfoPlist.strings;
			sourceTree = "<group>";
		};
		84DF76DB175957BD00A3D7A9 /* WeekDays.strings */ = {
			isa = PBXVariantGroup;
			children = (
				84DF76DA175957BD00A3D7A9 /* en */,
				84DF76DC175957C500A3D7A9 /* ru */,
			);
			name = WeekDays.strings;
			sourceTree = "<group>";
		};
		84DFC22916A59E00003D8B01 /* AmaxDateSelectController.xib */ = {
			isa = PBXVariantGroup;
			children = (
				727CAEAD24C160A00008A769 /* Base */,
			);
			name = AmaxDateSelectController.xib;
			sourceTree = "<group>";
		};
		84DFC22B16A59E00003D8B01 /* AmaxEventListViewController.xib */ = {
			isa = PBXVariantGroup;
			children = (
				727CAEAE24C160A00008A769 /* Base */,
			);
			name = AmaxEventListViewController.xib;
			sourceTree = "<group>";
		};
		84DFC22D16A59E00003D8B01 /* AmaxInterpreterController.xib */ = {
			isa = PBXVariantGroup;
			children = (
				727CAEAF24C160A00008A769 /* Base */,
			);
			name = AmaxInterpreterController.xib;
			sourceTree = "<group>";
		};
		84DFC22F16A59E00003D8B01 /* AmaxLocationListController.xib */ = {
			isa = PBXVariantGroup;
			children = (
				727CAEB024C160A00008A769 /* Base */,
			);
			name = AmaxLocationListController.xib;
			sourceTree = "<group>";
		};
		84DFC23116A59E00003D8B01 /* AmaxSettingsController.xib */ = {
			isa = PBXVariantGroup;
			children = (
				727CAEB124C160A00008A769 /* Base */,
			);
			name = AmaxSettingsController.xib;
			sourceTree = "<group>";
		};
		84DFC23316A59E00003D8B01 /* AmaxSummaryViewController.xib */ = {
			isa = PBXVariantGroup;
			children = (
				727CAEB224C160A10008A769 /* Base */,
			);
			name = AmaxSummaryViewController.xib;
			sourceTree = "<group>";
		};
		84DFC23C16A5A380003D8B01 /* AspectSetCell.xib */ = {
			isa = PBXVariantGroup;
			children = (
				727CAEA424C1609F0008A769 /* Base */,
			);
			name = AspectSetCell.xib;
			sourceTree = "<group>";
		};
		84DFC23E16A5A380003D8B01 /* MoonMoveCell.xib */ = {
			isa = PBXVariantGroup;
			children = (
				727CAEA524C1609F0008A769 /* Base */,
			);
			name = MoonMoveCell.xib;
			sourceTree = "<group>";
		};
		84DFC24016A5A380003D8B01 /* MoonSignCell.xib */ = {
			isa = PBXVariantGroup;
			children = (
				727CAEA624C1609F0008A769 /* Base */,
			);
			name = MoonSignCell.xib;
			sourceTree = "<group>";
		};
		84DFC24216A5A380003D8B01 /* PlanetHourCell.xib */ = {
			isa = PBXVariantGroup;
			children = (
				727CAEA724C1609F0008A769 /* Base */,
			);
			name = PlanetHourCell.xib;
			sourceTree = "<group>";
		};
		84DFC24416A5A380003D8B01 /* RetrogradeSetCell.xib */ = {
			isa = PBXVariantGroup;
			children = (
				727CAEA824C1609F0008A769 /* Base */,
			);
			name = RetrogradeSetCell.xib;
			sourceTree = "<group>";
		};
		84DFC24616A5A380003D8B01 /* SunDegreeCell.xib */ = {
			isa = PBXVariantGroup;
			children = (
				727CAEA924C1609F0008A769 /* Base */,
			);
			name = SunDegreeCell.xib;
			sourceTree = "<group>";
		};
		84DFC24816A5A380003D8B01 /* TithiCell.xib */ = {
			isa = PBXVariantGroup;
			children = (
				727CAEAA24C1609F0008A769 /* Base */,
			);
			name = TithiCell.xib;
			sourceTree = "<group>";
		};
		84DFC24A16A5A380003D8B01 /* ViaCombustaCell.xib */ = {
			isa = PBXVariantGroup;
			children = (
				727CAEAB24C160A00008A769 /* Base */,
			);
			name = ViaCombustaCell.xib;
			sourceTree = "<group>";
		};
		84E39A0A168DCF73005DC0C5 /* interpret.dat */ = {
			isa = PBXVariantGroup;
			children = (
				84E39A09168DCF73005DC0C5 /* en */,
				84E39A0B168DCF95005DC0C5 /* ru */,
			);
			name = interpret.dat;
			sourceTree = "<group>";
		};
		84E98AE9168E0F2A006AAA55 /* Planets.strings */ = {
			isa = PBXVariantGroup;
			children = (
				84E98AE8168E0F2A006AAA55 /* en */,
				84E98AEA168E0F30006AAA55 /* ru */,
			);
			name = Planets.strings;
			sourceTree = "<group>";
		};
		84E98AEF168E0F64006AAA55 /* ConstellGenitive.strings */ = {
			isa = PBXVariantGroup;
			children = (
				84E98AEE168E0F64006AAA55 /* en */,
				84E98AF0168E0F69006AAA55 /* ru */,
			);
			name = ConstellGenitive.strings;
			sourceTree = "<group>";
		};
		84E98AF5168E0F88006AAA55 /* ConstellLocative.strings */ = {
			isa = PBXVariantGroup;
			children = (
				84E98AF4168E0F88006AAA55 /* en */,
				84E98AF6168E0F8D006AAA55 /* ru */,
			);
			name = ConstellLocative.strings;
			sourceTree = "<group>";
		};
		84E98AFB168E0FAB006AAA55 /* PlanetsGenitive.strings */ = {
			isa = PBXVariantGroup;
			children = (
				84E98AFA168E0FAB006AAA55 /* en */,
				84E98AFC168E0FAF006AAA55 /* ru */,
			);
			name = PlanetsGenitive.strings;
			sourceTree = "<group>";
		};
		84E98B01168E0FCA006AAA55 /* Aspects.strings */ = {
			isa = PBXVariantGroup;
			children = (
				84E98B00168E0FCA006AAA55 /* en */,
				84E98B02168E0FCF006AAA55 /* ru */,
			);
			name = Aspects.strings;
			sourceTree = "<group>";
		};
		84EB53F6168CE8010089D6F6 /* Localizable.strings */ = {
			isa = PBXVariantGroup;
			children = (
				84EB53F5168CE8010089D6F6 /* en */,
				84EB53F7168CE8470089D6F6 /* ru */,
			);
			name = Localizable.strings;
			sourceTree = "<group>";
		};
/* End PBXVariantGroup section */

/* Begin XCBuildConfiguration section */
		84B1AC8C1647BB3E007188B1 /* Debug */ = {
			isa = XCBuildConfiguration;
			buildSettings = {
				ALWAYS_SEARCH_USER_PATHS = NO;
				CLANG_ANALYZER_LOCALIZABILITY_NONLOCALIZED = YES;
				CLANG_ENABLE_OBJC_ARC = YES;
				CLANG_WARN_BLOCK_CAPTURE_AUTORELEASING = YES;
				CLANG_WARN_BOOL_CONVERSION = YES;
				CLANG_WARN_COMMA = YES;
				CLANG_WARN_CONSTANT_CONVERSION = YES;
				CLANG_WARN_DEPRECATED_OBJC_IMPLEMENTATIONS = YES;
				CLANG_WARN_EMPTY_BODY = YES;
				CLANG_WARN_ENUM_CONVERSION = YES;
				CLANG_WARN_INFINITE_RECURSION = YES;
				CLANG_WARN_INT_CONVERSION = YES;
				CLANG_WARN_NON_LITERAL_NULL_CONVERSION = YES;
				CLANG_WARN_OBJC_IMPLICIT_RETAIN_SELF = YES;
				CLANG_WARN_OBJC_LITERAL_CONVERSION = YES;
				CLANG_WARN_RANGE_LOOP_ANALYSIS = YES;
				CLANG_WARN_STRICT_PROTOTYPES = YES;
				CLANG_WARN_SUSPICIOUS_MOVE = YES;
				CLANG_WARN_UNREACHABLE_CODE = YES;
				CLANG_WARN__DUPLICATE_METHOD_MATCH = YES;
				"CODE_SIGN_IDENTITY[sdk=iphoneos*]" = "iPhone Developer";
				COPY_PHASE_STRIP = NO;
				ENABLE_STRICT_OBJC_MSGSEND = YES;
				ENABLE_TESTABILITY = YES;
				GCC_C_LANGUAGE_STANDARD = gnu99;
				GCC_DYNAMIC_NO_PIC = NO;
				GCC_NO_COMMON_BLOCKS = YES;
				GCC_OPTIMIZATION_LEVEL = 0;
				GCC_PREPROCESSOR_DEFINITIONS = (
					"DEBUG=1",
					"$(inherited)",
				);
				GCC_SYMBOLS_PRIVATE_EXTERN = NO;
				GCC_VERSION = com.apple.compilers.llvm.clang.1_0;
				GCC_WARN_64_TO_32_BIT_CONVERSION = YES;
				GCC_WARN_ABOUT_MISSING_PROTOTYPES = YES;
				GCC_WARN_ABOUT_RETURN_TYPE = YES;
				GCC_WARN_UNDECLARED_SELECTOR = YES;
				GCC_WARN_UNINITIALIZED_AUTOS = YES;
				GCC_WARN_UNUSED_FUNCTION = YES;
				GCC_WARN_UNUSED_VARIABLE = YES;
				IPHONEOS_DEPLOYMENT_TARGET = 12.0;
				ONLY_ACTIVE_ARCH = YES;
				SDKROOT = iphoneos;
				SWIFT_VERSION = 5.0;
			};
			name = Debug;
		};
		84B1AC8D1647BB3E007188B1 /* Release */ = {
			isa = XCBuildConfiguration;
			buildSettings = {
				ALWAYS_SEARCH_USER_PATHS = NO;
				CLANG_ANALYZER_LOCALIZABILITY_NONLOCALIZED = YES;
				CLANG_ENABLE_OBJC_ARC = YES;
				CLANG_WARN_BLOCK_CAPTURE_AUTORELEASING = YES;
				CLANG_WARN_BOOL_CONVERSION = YES;
				CLANG_WARN_COMMA = YES;
				CLANG_WARN_CONSTANT_CONVERSION = YES;
				CLANG_WARN_DEPRECATED_OBJC_IMPLEMENTATIONS = YES;
				CLANG_WARN_EMPTY_BODY = YES;
				CLANG_WARN_ENUM_CONVERSION = YES;
				CLANG_WARN_INFINITE_RECURSION = YES;
				CLANG_WARN_INT_CONVERSION = YES;
				CLANG_WARN_NON_LITERAL_NULL_CONVERSION = YES;
				CLANG_WARN_OBJC_IMPLICIT_RETAIN_SELF = YES;
				CLANG_WARN_OBJC_LITERAL_CONVERSION = YES;
				CLANG_WARN_RANGE_LOOP_ANALYSIS = YES;
				CLANG_WARN_STRICT_PROTOTYPES = YES;
				CLANG_WARN_SUSPICIOUS_MOVE = YES;
				CLANG_WARN_UNREACHABLE_CODE = YES;
				CLANG_WARN__DUPLICATE_METHOD_MATCH = YES;
				"CODE_SIGN_IDENTITY[sdk=iphoneos*]" = "iPhone Developer";
				COPY_PHASE_STRIP = YES;
				ENABLE_STRICT_OBJC_MSGSEND = YES;
				GCC_C_LANGUAGE_STANDARD = gnu99;
				GCC_NO_COMMON_BLOCKS = YES;
				GCC_VERSION = com.apple.compilers.llvm.clang.1_0;
				GCC_WARN_64_TO_32_BIT_CONVERSION = YES;
				GCC_WARN_ABOUT_MISSING_PROTOTYPES = YES;
				GCC_WARN_ABOUT_RETURN_TYPE = YES;
				GCC_WARN_UNDECLARED_SELECTOR = YES;
				GCC_WARN_UNINITIALIZED_AUTOS = YES;
				GCC_WARN_UNUSED_FUNCTION = YES;
				GCC_WARN_UNUSED_VARIABLE = YES;
				IPHONEOS_DEPLOYMENT_TARGET = 12.0;
				OTHER_CFLAGS = "-DNS_BLOCK_ASSERTIONS=1";
				SDKROOT = iphoneos;
				SWIFT_VERSION = 5.0;
				VALIDATE_PRODUCT = YES;
			};
			name = Release;
		};
		84B1AC8F1647BB3E007188B1 /* Debug */ = {
			isa = XCBuildConfiguration;
			buildSettings = {
				ASSETCATALOG_COMPILER_APPICON_NAME = AppIcon;
				CLANG_ENABLE_MODULES = YES;
				DEVELOPMENT_TEAM = 8MSTLPJ26R;
				GCC_PRECOMPILE_PREFIX_HEADER = YES;
				GCC_PREFIX_HEADER = "Astromaximum/Astromaximum-Prefix.pch";
				INFOPLIST_FILE = "Astromaximum/Astromaximum-Info.plist";
				IPHONEOS_DEPLOYMENT_TARGET = 12.0;
				LD_RUNPATH_SEARCH_PATHS = "$(inherited) @executable_path/Frameworks";
				MARKETING_VERSION = 2020.01;
				PRODUCT_BUNDLE_IDENTIFIER = "com.sw-axis.${PRODUCT_NAME:rfc1034identifier}";
				PRODUCT_NAME = "$(TARGET_NAME)";
				SWIFT_OBJC_BRIDGING_HEADER = "Astromaximum/Classes/Astromaximum-Bridging-Header.h";
				SWIFT_OPTIMIZATION_LEVEL = "-Onone";
				SWIFT_VERSION = 5.0;
				TARGETED_DEVICE_FAMILY = 1;
				WRAPPER_EXTENSION = app;
			};
			name = Debug;
		};
		84B1AC901647BB3E007188B1 /* Release */ = {
			isa = XCBuildConfiguration;
			buildSettings = {
				ASSETCATALOG_COMPILER_APPICON_NAME = AppIcon;
				CLANG_ENABLE_MODULES = YES;
				DEVELOPMENT_TEAM = 8MSTLPJ26R;
				GCC_PRECOMPILE_PREFIX_HEADER = YES;
				GCC_PREFIX_HEADER = "Astromaximum/Astromaximum-Prefix.pch";
				INFOPLIST_FILE = "Astromaximum/Astromaximum-Info.plist";
				IPHONEOS_DEPLOYMENT_TARGET = 12.0;
				LD_RUNPATH_SEARCH_PATHS = "$(inherited) @executable_path/Frameworks";
				MARKETING_VERSION = 2020.01;
				PRODUCT_BUNDLE_IDENTIFIER = "com.sw-axis.${PRODUCT_NAME:rfc1034identifier}";
				PRODUCT_NAME = "$(TARGET_NAME)";
				SWIFT_OBJC_BRIDGING_HEADER = "Astromaximum/Classes/Astromaximum-Bridging-Header.h";
				SWIFT_VERSION = 5.0;
				TARGETED_DEVICE_FAMILY = 1;
				WRAPPER_EXTENSION = app;
			};
			name = Release;
		};
/* End XCBuildConfiguration section */

/* Begin XCConfigurationList section */
		84B1AC641647BB3E007188B1 /* Build configuration list for PBXProject "Astromaximum" */ = {
			isa = XCConfigurationList;
			buildConfigurations = (
				84B1AC8C1647BB3E007188B1 /* Debug */,
				84B1AC8D1647BB3E007188B1 /* Release */,
			);
			defaultConfigurationIsVisible = 0;
			defaultConfigurationName = Release;
		};
		84B1AC8E1647BB3E007188B1 /* Build configuration list for PBXNativeTarget "Astromaximum" */ = {
			isa = XCConfigurationList;
			buildConfigurations = (
				84B1AC8F1647BB3E007188B1 /* Debug */,
				84B1AC901647BB3E007188B1 /* Release */,
			);
			defaultConfigurationIsVisible = 0;
			defaultConfigurationName = Release;
		};
/* End XCConfigurationList section */
	};
	rootObject = 84B1AC611647BB3E007188B1 /* Project object */;
}
