// !$*UTF8*$!
{
	archiveVersion = 1;
	classes = {
	};
	objectVersion = 46;
	objects = {

/* Begin PBXBuildFile section */
		7218830A24ECCD8800163389 /* AmaxRetrogradeCell.swift in Sources */ = {isa = PBXBuildFile; fileRef = 7218830924ECCD8800163389 /* AmaxRetrogradeCell.swift */; };
		7229137A24DFA6A0005B0698 /* AmaxLocationBundle.swift in Sources */ = {isa = PBXBuildFile; fileRef = 7229137924DFA6A0005B0698 /* AmaxLocationBundle.swift */; };
		7229137C24DFAEDE005B0698 /* AmaxTimezoneTransition.swift in Sources */ = {isa = PBXBuildFile; fileRef = 7229137B24DFAEDE005B0698 /* AmaxTimezoneTransition.swift */; };
		7229137E24DFAF5C005B0698 /* AmaxEvent.swift in Sources */ = {isa = PBXBuildFile; fileRef = 7229137D24DFAF5B005B0698 /* AmaxEvent.swift */; };
		7229138024DFCDDF005B0698 /* AmaxLocationDataFile.swift in Sources */ = {isa = PBXBuildFile; fileRef = 7229137F24DFCDDF005B0698 /* AmaxLocationDataFile.swift */; };
		7229138224DFF422005B0698 /* AmaxDataProvider.swift in Sources */ = {isa = PBXBuildFile; fileRef = 7229138124DFF422005B0698 /* AmaxDataProvider.swift */; };
		7245FD4D24F373E7000D71E1 /* Months.strings in Resources */ = {isa = PBXBuildFile; fileRef = 7245FD4B24F373E7000D71E1 /* Months.strings */; };
		7245FD5124F37AC5000D71E1 /* RetrogradeSetCell.xib in Resources */ = {isa = PBXBuildFile; fileRef = 7245FD4F24F37AC4000D71E1 /* RetrogradeSetCell.xib */; };
		72606C9424B823FB009B0113 /* Default-568h@2x.png in Resources */ = {isa = PBXBuildFile; fileRef = 72606C9324B823FB009B0113 /* Default-568h@2x.png */; };
		72606C9824B82D9C009B0113 /* locations.dat in Resources */ = {isa = PBXBuildFile; fileRef = 72606C9724B82CBE009B0113 /* locations.dat */; };
		72606C9924B82DA0009B0113 /* common.dat in Resources */ = {isa = PBXBuildFile; fileRef = 72606C9624B82CB4009B0113 /* common.dat */; };
		726BC97424E5815200690CE2 /* AmaxLocationListController.swift in Sources */ = {isa = PBXBuildFile; fileRef = 726BC97324E5815200690CE2 /* AmaxLocationListController.swift */; };
		726BC97624E59E6500690CE2 /* AmaxSettingsController.swift in Sources */ = {isa = PBXBuildFile; fileRef = 726BC97524E59E6500690CE2 /* AmaxSettingsController.swift */; };
		726BC97824E5AF0500690CE2 /* AmaxSummaryItem.swift in Sources */ = {isa = PBXBuildFile; fileRef = 726BC97724E5AF0400690CE2 /* AmaxSummaryItem.swift */; };
		726BC97A24E5B88700690CE2 /* AmaxAstroLabel.swift in Sources */ = {isa = PBXBuildFile; fileRef = 726BC97924E5B88700690CE2 /* AmaxAstroLabel.swift */; };
		726BC98824E5BFF200690CE2 /* AmaxSunDegreeCell.swift in Sources */ = {isa = PBXBuildFile; fileRef = 726BC97E24E5BFF000690CE2 /* AmaxSunDegreeCell.swift */; };
		726BC98924E5BFF200690CE2 /* AmaxTableCell.swift in Sources */ = {isa = PBXBuildFile; fileRef = 726BC97F24E5BFF000690CE2 /* AmaxTableCell.swift */; };
		726BC98A24E5BFF200690CE2 /* AmaxViaCombustaCell.swift in Sources */ = {isa = PBXBuildFile; fileRef = 726BC98024E5BFF000690CE2 /* AmaxViaCombustaCell.swift */; };
		726BC98B24E5BFF200690CE2 /* AmaxAspectCell.swift in Sources */ = {isa = PBXBuildFile; fileRef = 726BC98124E5BFF100690CE2 /* AmaxAspectCell.swift */; };
		726BC98C24E5BFF200690CE2 /* AmaxVocCell.swift in Sources */ = {isa = PBXBuildFile; fileRef = 726BC98224E5BFF100690CE2 /* AmaxVocCell.swift */; };
		726BC98D24E5BFF200690CE2 /* AmaxAspectSetCell.swift in Sources */ = {isa = PBXBuildFile; fileRef = 726BC98324E5BFF100690CE2 /* AmaxAspectSetCell.swift */; };
		726BC98E24E5BFF200690CE2 /* AmaxMoonMoveCell.swift in Sources */ = {isa = PBXBuildFile; fileRef = 726BC98424E5BFF100690CE2 /* AmaxMoonMoveCell.swift */; };
		726BC98F24E5BFF200690CE2 /* AmaxPlanetHourCell.swift in Sources */ = {isa = PBXBuildFile; fileRef = 726BC98524E5BFF100690CE2 /* AmaxPlanetHourCell.swift */; };
		726BC99024E5BFF200690CE2 /* AmaxTithiCell.swift in Sources */ = {isa = PBXBuildFile; fileRef = 726BC98624E5BFF200690CE2 /* AmaxTithiCell.swift */; };
		726BC99124E5BFF200690CE2 /* AmaxMoonSignCell.swift in Sources */ = {isa = PBXBuildFile; fileRef = 726BC98724E5BFF200690CE2 /* AmaxMoonSignCell.swift */; };
		729AFB2324D0C0C500EF0894 /* AspectCell.xib in Resources */ = {isa = PBXBuildFile; fileRef = 729AFB2124D0C0C500EF0894 /* AspectCell.xib */; };
		729C4FDC24DDD23D0058E1EA /* AmaxDataInputStream.swift in Sources */ = {isa = PBXBuildFile; fileRef = 729C4FDB24DDD23D0058E1EA /* AmaxDataInputStream.swift */; };
		729C4FDD24DDD38C0058E1EA /* AmaxCommonDataFile.swift in Sources */ = {isa = PBXBuildFile; fileRef = 72DB5BA824DC702500E20F7E /* AmaxCommonDataFile.swift */; };
		72A36FBA250E2A1700C0AD63 /* AmaxStartPageViewController.xib in Resources */ = {isa = PBXBuildFile; fileRef = 72A36FB8250E2A1700C0AD63 /* AmaxStartPageViewController.xib */; };
		72A4218824C8AE860096DF9C /* Images.xcassets in Resources */ = {isa = PBXBuildFile; fileRef = 72A4218724C8AE860096DF9C /* Images.xcassets */; };
		72A6011F24B83144002C1322 /* VocCell.xib in Resources */ = {isa = PBXBuildFile; fileRef = 72A6011D24B83144002C1322 /* VocCell.xib */; };
		72A9B7B024ECC78600C1A6DD /* AmaxRetrogradeSetCell.swift in Sources */ = {isa = PBXBuildFile; fileRef = 72A9B7AF24ECC78600C1A6DD /* AmaxRetrogradeSetCell.swift */; };
		72ACB3B124E63716007C2813 /* AmaxBaseViewController.swift in Sources */ = {isa = PBXBuildFile; fileRef = 72ACB3B024E63716007C2813 /* AmaxBaseViewController.swift */; };
		72ACB3B324E63724007C2813 /* AmaxEventListViewController.swift in Sources */ = {isa = PBXBuildFile; fileRef = 72ACB3B224E63724007C2813 /* AmaxEventListViewController.swift */; };
		72ACB3B524E63730007C2813 /* AmaxSummaryViewController.swift in Sources */ = {isa = PBXBuildFile; fileRef = 72ACB3B424E63730007C2813 /* AmaxSummaryViewController.swift */; };
		72ACB3BC24E68E75007C2813 /* AmaxPrefs.swift in Sources */ = {isa = PBXBuildFile; fileRef = 72ACB3BB24E68E75007C2813 /* AmaxPrefs.swift */; };
		72ACB3C124E7099C007C2813 /* AmaxLocation.swift in Sources */ = {isa = PBXBuildFile; fileRef = 72ACB3C024E7099C007C2813 /* AmaxLocation.swift */; };
		72B6C66524C8052C00E7BC98 /* EventListTitle.strings in Resources */ = {isa = PBXBuildFile; fileRef = 72B6C66324C8052C00E7BC98 /* EventListTitle.strings */; };
		72CAA1C924E4336E00A5E948 /* AmaxInterpretationProvider.swift in Sources */ = {isa = PBXBuildFile; fileRef = 72CAA1C824E4336E00A5E948 /* AmaxInterpretationProvider.swift */; };
		72CAA1CB24E4423C00A5E948 /* AmaxDateSelectController.swift in Sources */ = {isa = PBXBuildFile; fileRef = 72CAA1CA24E4423C00A5E948 /* AmaxDateSelectController.swift */; };
		72CAA1CD24E4496A00A5E948 /* AmaxInterpreterController.swift in Sources */ = {isa = PBXBuildFile; fileRef = 72CAA1CC24E4496A00A5E948 /* AmaxInterpreterController.swift */; };
		72DB5BA224DC63AC00E20F7E /* AppDelegate.swift in Sources */ = {isa = PBXBuildFile; fileRef = 72AA2A6724DBC99600A5E00A /* AppDelegate.swift */; };
		72DB5BA424DC685000E20F7E /* SceneDelegate.swift in Sources */ = {isa = PBXBuildFile; fileRef = 72DB5BA324DC685000E20F7E /* SceneDelegate.swift */; };
		84B1AC6F1647BB3E007188B1 /* UIKit.framework in Frameworks */ = {isa = PBXBuildFile; fileRef = 84B1AC6E1647BB3E007188B1 /* UIKit.framework */; };
		84B1AC711647BB3E007188B1 /* Foundation.framework in Frameworks */ = {isa = PBXBuildFile; fileRef = 84B1AC701647BB3E007188B1 /* Foundation.framework */; };
		84B1AC731647BB3E007188B1 /* CoreGraphics.framework in Frameworks */ = {isa = PBXBuildFile; fileRef = 84B1AC721647BB3E007188B1 /* CoreGraphics.framework */; };
		84B1AC791647BB3E007188B1 /* InfoPlist.strings in Resources */ = {isa = PBXBuildFile; fileRef = 84B1AC771647BB3E007188B1 /* InfoPlist.strings */; };
		84D5B4B7166EA4ED00F30D70 /* Astronom.ttf in Resources */ = {isa = PBXBuildFile; fileRef = 84D5B4B6166EA4ED00F30D70 /* Astronom.ttf */; };
		84DF76D9175957BD00A3D7A9 /* WeekDays.strings in Resources */ = {isa = PBXBuildFile; fileRef = 84DF76DB175957BD00A3D7A9 /* WeekDays.strings */; };
		84DFC23516A59E00003D8B01 /* AmaxDateSelectController.xib in Resources */ = {isa = PBXBuildFile; fileRef = 84DFC22916A59E00003D8B01 /* AmaxDateSelectController.xib */; };
		84DFC23616A59E00003D8B01 /* AmaxEventListViewController.xib in Resources */ = {isa = PBXBuildFile; fileRef = 84DFC22B16A59E00003D8B01 /* AmaxEventListViewController.xib */; };
		84DFC23716A59E00003D8B01 /* AmaxInterpreterController.xib in Resources */ = {isa = PBXBuildFile; fileRef = 84DFC22D16A59E00003D8B01 /* AmaxInterpreterController.xib */; };
		84DFC23816A59E00003D8B01 /* AmaxLocationListController.xib in Resources */ = {isa = PBXBuildFile; fileRef = 84DFC22F16A59E00003D8B01 /* AmaxLocationListController.xib */; };
		84DFC23916A59E00003D8B01 /* AmaxSettingsController.xib in Resources */ = {isa = PBXBuildFile; fileRef = 84DFC23116A59E00003D8B01 /* AmaxSettingsController.xib */; };
		84DFC23A16A59E00003D8B01 /* AmaxSummaryViewController.xib in Resources */ = {isa = PBXBuildFile; fileRef = 84DFC23316A59E00003D8B01 /* AmaxSummaryViewController.xib */; };
		84DFC24E16A5A380003D8B01 /* AspectSetCell.xib in Resources */ = {isa = PBXBuildFile; fileRef = 84DFC23C16A5A380003D8B01 /* AspectSetCell.xib */; };
		84DFC24F16A5A380003D8B01 /* MoonMoveCell.xib in Resources */ = {isa = PBXBuildFile; fileRef = 84DFC23E16A5A380003D8B01 /* MoonMoveCell.xib */; };
		84DFC25016A5A380003D8B01 /* MoonSignCell.xib in Resources */ = {isa = PBXBuildFile; fileRef = 84DFC24016A5A380003D8B01 /* MoonSignCell.xib */; };
		84DFC25116A5A380003D8B01 /* PlanetHourCell.xib in Resources */ = {isa = PBXBuildFile; fileRef = 84DFC24216A5A380003D8B01 /* PlanetHourCell.xib */; };
		84DFC25216A5A380003D8B01 /* RetrogradeCell.xib in Resources */ = {isa = PBXBuildFile; fileRef = 84DFC24416A5A380003D8B01 /* RetrogradeCell.xib */; };
		84DFC25316A5A380003D8B01 /* SunDegreeCell.xib in Resources */ = {isa = PBXBuildFile; fileRef = 84DFC24616A5A380003D8B01 /* SunDegreeCell.xib */; };
		84DFC25416A5A380003D8B01 /* TithiCell.xib in Resources */ = {isa = PBXBuildFile; fileRef = 84DFC24816A5A380003D8B01 /* TithiCell.xib */; };
		84DFC25516A5A380003D8B01 /* ViaCombustaCell.xib in Resources */ = {isa = PBXBuildFile; fileRef = 84DFC24A16A5A380003D8B01 /* ViaCombustaCell.xib */; };
		84E39A08168DCF73005DC0C5 /* interpret.dat in Resources */ = {isa = PBXBuildFile; fileRef = 84E39A0A168DCF73005DC0C5 /* interpret.dat */; };
		84E98AE7168E0F2A006AAA55 /* Planets.strings in Resources */ = {isa = PBXBuildFile; fileRef = 84E98AE9168E0F2A006AAA55 /* Planets.strings */; };
		84E98AED168E0F64006AAA55 /* ConstellGenitive.strings in Resources */ = {isa = PBXBuildFile; fileRef = 84E98AEF168E0F64006AAA55 /* ConstellGenitive.strings */; };
		84E98AF3168E0F88006AAA55 /* ConstellLocative.strings in Resources */ = {isa = PBXBuildFile; fileRef = 84E98AF5168E0F88006AAA55 /* ConstellLocative.strings */; };
		84E98AF9168E0FAB006AAA55 /* PlanetsGenitive.strings in Resources */ = {isa = PBXBuildFile; fileRef = 84E98AFB168E0FAB006AAA55 /* PlanetsGenitive.strings */; };
		84E98AFF168E0FCA006AAA55 /* Aspects.strings in Resources */ = {isa = PBXBuildFile; fileRef = 84E98B01168E0FCA006AAA55 /* Aspects.strings */; };
		84E98B73168E6331006AAA55 /* AmaxTypes.c in Sources */ = {isa = PBXBuildFile; fileRef = 84E98B4D168E6331006AAA55 /* AmaxTypes.c */; };
		84EB53F4168CE8010089D6F6 /* Localizable.strings in Resources */ = {isa = PBXBuildFile; fileRef = 84EB53F6168CE8010089D6F6 /* Localizable.strings */; };
/* End PBXBuildFile section */

/* Begin PBXFileReference section */
		7218830924ECCD8800163389 /* AmaxRetrogradeCell.swift */ = {isa = PBXFileReference; fileEncoding = 4; lastKnownFileType = sourcecode.swift; path = AmaxRetrogradeCell.swift; sourceTree = "<group>"; };
		7229137924DFA6A0005B0698 /* AmaxLocationBundle.swift */ = {isa = PBXFileReference; fileEncoding = 4; lastKnownFileType = sourcecode.swift; path = AmaxLocationBundle.swift; sourceTree = "<group>"; };
		7229137B24DFAEDE005B0698 /* AmaxTimezoneTransition.swift */ = {isa = PBXFileReference; fileEncoding = 4; lastKnownFileType = sourcecode.swift; path = AmaxTimezoneTransition.swift; sourceTree = "<group>"; };
		7229137D24DFAF5B005B0698 /* AmaxEvent.swift */ = {isa = PBXFileReference; fileEncoding = 4; lastKnownFileType = sourcecode.swift; path = AmaxEvent.swift; sourceTree = "<group>"; };
		7229137F24DFCDDF005B0698 /* AmaxLocationDataFile.swift */ = {isa = PBXFileReference; fileEncoding = 4; lastKnownFileType = sourcecode.swift; path = AmaxLocationDataFile.swift; sourceTree = "<group>"; };
		7229138124DFF422005B0698 /* AmaxDataProvider.swift */ = {isa = PBXFileReference; fileEncoding = 4; lastKnownFileType = sourcecode.swift; path = AmaxDataProvider.swift; sourceTree = "<group>"; };
		7245FD4C24F373E7000D71E1 /* en */ = {isa = PBXFileReference; lastKnownFileType = text.plist.strings; name = en; path = en.lproj/Months.strings; sourceTree = "<group>"; };
		7245FD4E24F37425000D71E1 /* ru */ = {isa = PBXFileReference; lastKnownFileType = text.plist.strings; name = ru; path = ru.lproj/Months.strings; sourceTree = "<group>"; };
		7245FD5024F37AC4000D71E1 /* Base */ = {isa = PBXFileReference; lastKnownFileType = file.xib; name = Base; path = Base.lproj/RetrogradeSetCell.xib; sourceTree = "<group>"; };
		72606C9324B823FB009B0113 /* Default-568h@2x.png */ = {isa = PBXFileReference; lastKnownFileType = image.png; path = "Default-568h@2x.png"; sourceTree = "<group>"; };
		72606C9624B82CB4009B0113 /* common.dat */ = {isa = PBXFileReference; lastKnownFileType = file; path = common.dat; sourceTree = "<group>"; };
		72606C9724B82CBE009B0113 /* locations.dat */ = {isa = PBXFileReference; lastKnownFileType = file; path = locations.dat; sourceTree = "<group>"; };
		726BC97324E5815200690CE2 /* AmaxLocationListController.swift */ = {isa = PBXFileReference; fileEncoding = 4; lastKnownFileType = sourcecode.swift; path = AmaxLocationListController.swift; sourceTree = "<group>"; };
		726BC97524E59E6500690CE2 /* AmaxSettingsController.swift */ = {isa = PBXFileReference; fileEncoding = 4; lastKnownFileType = sourcecode.swift; path = AmaxSettingsController.swift; sourceTree = "<group>"; };
		726BC97724E5AF0400690CE2 /* AmaxSummaryItem.swift */ = {isa = PBXFileReference; fileEncoding = 4; lastKnownFileType = sourcecode.swift; path = AmaxSummaryItem.swift; sourceTree = "<group>"; };
		726BC97924E5B88700690CE2 /* AmaxAstroLabel.swift */ = {isa = PBXFileReference; fileEncoding = 4; lastKnownFileType = sourcecode.swift; path = AmaxAstroLabel.swift; sourceTree = "<group>"; };
		726BC97E24E5BFF000690CE2 /* AmaxSunDegreeCell.swift */ = {isa = PBXFileReference; fileEncoding = 4; lastKnownFileType = sourcecode.swift; path = AmaxSunDegreeCell.swift; sourceTree = "<group>"; };
		726BC97F24E5BFF000690CE2 /* AmaxTableCell.swift */ = {isa = PBXFileReference; fileEncoding = 4; lastKnownFileType = sourcecode.swift; path = AmaxTableCell.swift; sourceTree = "<group>"; };
		726BC98024E5BFF000690CE2 /* AmaxViaCombustaCell.swift */ = {isa = PBXFileReference; fileEncoding = 4; lastKnownFileType = sourcecode.swift; path = AmaxViaCombustaCell.swift; sourceTree = "<group>"; };
		726BC98124E5BFF100690CE2 /* AmaxAspectCell.swift */ = {isa = PBXFileReference; fileEncoding = 4; lastKnownFileType = sourcecode.swift; path = AmaxAspectCell.swift; sourceTree = "<group>"; };
		726BC98224E5BFF100690CE2 /* AmaxVocCell.swift */ = {isa = PBXFileReference; fileEncoding = 4; lastKnownFileType = sourcecode.swift; path = AmaxVocCell.swift; sourceTree = "<group>"; };
		726BC98324E5BFF100690CE2 /* AmaxAspectSetCell.swift */ = {isa = PBXFileReference; fileEncoding = 4; lastKnownFileType = sourcecode.swift; path = AmaxAspectSetCell.swift; sourceTree = "<group>"; };
		726BC98424E5BFF100690CE2 /* AmaxMoonMoveCell.swift */ = {isa = PBXFileReference; fileEncoding = 4; lastKnownFileType = sourcecode.swift; path = AmaxMoonMoveCell.swift; sourceTree = "<group>"; };
		726BC98524E5BFF100690CE2 /* AmaxPlanetHourCell.swift */ = {isa = PBXFileReference; fileEncoding = 4; lastKnownFileType = sourcecode.swift; path = AmaxPlanetHourCell.swift; sourceTree = "<group>"; };
		726BC98624E5BFF200690CE2 /* AmaxTithiCell.swift */ = {isa = PBXFileReference; fileEncoding = 4; lastKnownFileType = sourcecode.swift; path = AmaxTithiCell.swift; sourceTree = "<group>"; };
		726BC98724E5BFF200690CE2 /* AmaxMoonSignCell.swift */ = {isa = PBXFileReference; fileEncoding = 4; lastKnownFileType = sourcecode.swift; path = AmaxMoonSignCell.swift; sourceTree = "<group>"; };
		727CAEA424C1609F0008A769 /* Base */ = {isa = PBXFileReference; lastKnownFileType = file.xib; name = Base; path = Base.lproj/AspectSetCell.xib; sourceTree = "<group>"; };
		727CAEA524C1609F0008A769 /* Base */ = {isa = PBXFileReference; lastKnownFileType = file.xib; name = Base; path = Base.lproj/MoonMoveCell.xib; sourceTree = "<group>"; };
		727CAEA624C1609F0008A769 /* Base */ = {isa = PBXFileReference; lastKnownFileType = file.xib; name = Base; path = Base.lproj/MoonSignCell.xib; sourceTree = "<group>"; };
		727CAEA724C1609F0008A769 /* Base */ = {isa = PBXFileReference; lastKnownFileType = file.xib; name = Base; path = Base.lproj/PlanetHourCell.xib; sourceTree = "<group>"; };
		727CAEA824C1609F0008A769 /* Base */ = {isa = PBXFileReference; lastKnownFileType = file.xib; name = Base; path = Base.lproj/RetrogradeCell.xib; sourceTree = "<group>"; };
		727CAEA924C1609F0008A769 /* Base */ = {isa = PBXFileReference; lastKnownFileType = file.xib; name = Base; path = Base.lproj/SunDegreeCell.xib; sourceTree = "<group>"; };
		727CAEAA24C1609F0008A769 /* Base */ = {isa = PBXFileReference; lastKnownFileType = file.xib; name = Base; path = Base.lproj/TithiCell.xib; sourceTree = "<group>"; };
		727CAEAB24C160A00008A769 /* Base */ = {isa = PBXFileReference; lastKnownFileType = file.xib; name = Base; path = Base.lproj/ViaCombustaCell.xib; sourceTree = "<group>"; };
		727CAEAC24C160A00008A769 /* Base */ = {isa = PBXFileReference; lastKnownFileType = file.xib; name = Base; path = Base.lproj/VocCell.xib; sourceTree = "<group>"; };
		727CAEAD24C160A00008A769 /* Base */ = {isa = PBXFileReference; lastKnownFileType = file.xib; name = Base; path = Base.lproj/AmaxDateSelectController.xib; sourceTree = "<group>"; };
		727CAEAE24C160A00008A769 /* Base */ = {isa = PBXFileReference; lastKnownFileType = file.xib; name = Base; path = Base.lproj/AmaxEventListViewController.xib; sourceTree = "<group>"; };
		727CAEAF24C160A00008A769 /* Base */ = {isa = PBXFileReference; lastKnownFileType = file.xib; name = Base; path = Base.lproj/AmaxInterpreterController.xib; sourceTree = "<group>"; };
		727CAEB024C160A00008A769 /* Base */ = {isa = PBXFileReference; lastKnownFileType = file.xib; name = Base; path = Base.lproj/AmaxLocationListController.xib; sourceTree = "<group>"; };
		727CAEB124C160A00008A769 /* Base */ = {isa = PBXFileReference; lastKnownFileType = file.xib; name = Base; path = Base.lproj/AmaxSettingsController.xib; sourceTree = "<group>"; };
		727CAEB224C160A10008A769 /* Base */ = {isa = PBXFileReference; lastKnownFileType = file.xib; name = Base; path = Base.lproj/AmaxSummaryViewController.xib; sourceTree = "<group>"; };
		729AFB2224D0C0C500EF0894 /* Base */ = {isa = PBXFileReference; lastKnownFileType = file.xib; name = Base; path = Base.lproj/AspectCell.xib; sourceTree = "<group>"; };
		729C4FDB24DDD23D0058E1EA /* AmaxDataInputStream.swift */ = {isa = PBXFileReference; fileEncoding = 4; lastKnownFileType = sourcecode.swift; path = AmaxDataInputStream.swift; sourceTree = "<group>"; };
		72A36FB9250E2A1700C0AD63 /* Base */ = {isa = PBXFileReference; lastKnownFileType = file.xib; name = Base; path = Astromaximum/Base.lproj/AmaxStartPageViewController.xib; sourceTree = "<group>"; };
		72A4218724C8AE860096DF9C /* Images.xcassets */ = {isa = PBXFileReference; lastKnownFileType = folder.assetcatalog; path = Images.xcassets; sourceTree = "<group>"; };
		72A9B7AF24ECC78600C1A6DD /* AmaxRetrogradeSetCell.swift */ = {isa = PBXFileReference; fileEncoding = 4; lastKnownFileType = sourcecode.swift; path = AmaxRetrogradeSetCell.swift; sourceTree = "<group>"; };
		72AA2A6624DBC99600A5E00A /* Astromaximum-Bridging-Header.h */ = {isa = PBXFileReference; lastKnownFileType = sourcecode.c.h; path = "Astromaximum-Bridging-Header.h"; sourceTree = "<group>"; };
		72AA2A6724DBC99600A5E00A /* AppDelegate.swift */ = {isa = PBXFileReference; fileEncoding = 4; lastKnownFileType = sourcecode.swift; path = AppDelegate.swift; sourceTree = "<group>"; };
		72ACB3B024E63716007C2813 /* AmaxBaseViewController.swift */ = {isa = PBXFileReference; fileEncoding = 4; lastKnownFileType = sourcecode.swift; path = AmaxBaseViewController.swift; sourceTree = "<group>"; };
		72ACB3B224E63724007C2813 /* AmaxEventListViewController.swift */ = {isa = PBXFileReference; fileEncoding = 4; lastKnownFileType = sourcecode.swift; path = AmaxEventListViewController.swift; sourceTree = "<group>"; };
		72ACB3B424E63730007C2813 /* AmaxSummaryViewController.swift */ = {isa = PBXFileReference; fileEncoding = 4; lastKnownFileType = sourcecode.swift; path = AmaxSummaryViewController.swift; sourceTree = "<group>"; };
		72ACB3BB24E68E75007C2813 /* AmaxPrefs.swift */ = {isa = PBXFileReference; fileEncoding = 4; lastKnownFileType = sourcecode.swift; path = AmaxPrefs.swift; sourceTree = "<group>"; };
		72ACB3C024E7099C007C2813 /* AmaxLocation.swift */ = {isa = PBXFileReference; fileEncoding = 4; lastKnownFileType = sourcecode.swift; path = AmaxLocation.swift; sourceTree = "<group>"; };
		72B6C66424C8052C00E7BC98 /* en */ = {isa = PBXFileReference; lastKnownFileType = text.plist.strings; name = en; path = en.lproj/EventListTitle.strings; sourceTree = "<group>"; };
		72B6C66624C8053D00E7BC98 /* ru */ = {isa = PBXFileReference; lastKnownFileType = text.plist.strings; name = ru; path = ru.lproj/EventListTitle.strings; sourceTree = "<group>"; };
		72CAA1C824E4336E00A5E948 /* AmaxInterpretationProvider.swift */ = {isa = PBXFileReference; fileEncoding = 4; lastKnownFileType = sourcecode.swift; path = AmaxInterpretationProvider.swift; sourceTree = "<group>"; };
		72CAA1CA24E4423C00A5E948 /* AmaxDateSelectController.swift */ = {isa = PBXFileReference; fileEncoding = 4; lastKnownFileType = sourcecode.swift; path = AmaxDateSelectController.swift; sourceTree = "<group>"; };
		72CAA1CC24E4496A00A5E948 /* AmaxInterpreterController.swift */ = {isa = PBXFileReference; fileEncoding = 4; lastKnownFileType = sourcecode.swift; path = AmaxInterpreterController.swift; sourceTree = "<group>"; };
		72DB5BA324DC685000E20F7E /* SceneDelegate.swift */ = {isa = PBXFileReference; fileEncoding = 4; lastKnownFileType = sourcecode.swift; path = SceneDelegate.swift; sourceTree = "<group>"; };
		72DB5BA824DC702500E20F7E /* AmaxCommonDataFile.swift */ = {isa = PBXFileReference; fileEncoding = 4; lastKnownFileType = sourcecode.swift; path = AmaxCommonDataFile.swift; sourceTree = "<group>"; };
		84B1AC6A1647BB3E007188B1 /* Astromaximum.app */ = {isa = PBXFileReference; explicitFileType = wrapper.application; includeInIndex = 0; path = Astromaximum.app; sourceTree = BUILT_PRODUCTS_DIR; };
		84B1AC6E1647BB3E007188B1 /* UIKit.framework */ = {isa = PBXFileReference; lastKnownFileType = wrapper.framework; name = UIKit.framework; path = System/Library/Frameworks/UIKit.framework; sourceTree = SDKROOT; };
		84B1AC701647BB3E007188B1 /* Foundation.framework */ = {isa = PBXFileReference; lastKnownFileType = wrapper.framework; name = Foundation.framework; path = System/Library/Frameworks/Foundation.framework; sourceTree = SDKROOT; };
		84B1AC721647BB3E007188B1 /* CoreGraphics.framework */ = {isa = PBXFileReference; lastKnownFileType = wrapper.framework; name = CoreGraphics.framework; path = System/Library/Frameworks/CoreGraphics.framework; sourceTree = SDKROOT; };
		84B1AC761647BB3E007188B1 /* Astromaximum-Info.plist */ = {isa = PBXFileReference; lastKnownFileType = text.plist.xml; path = "Astromaximum-Info.plist"; sourceTree = "<group>"; };
		84B1AC781647BB3E007188B1 /* en */ = {isa = PBXFileReference; lastKnownFileType = text.plist.strings; name = en; path = en.lproj/InfoPlist.strings; sourceTree = "<group>"; };
		84B1AC7C1647BB3E007188B1 /* Astromaximum-Prefix.pch */ = {isa = PBXFileReference; lastKnownFileType = sourcecode.c.h; path = "Astromaximum-Prefix.pch"; sourceTree = "<group>"; };
		84D5B4B6166EA4ED00F30D70 /* Astronom.ttf */ = {isa = PBXFileReference; lastKnownFileType = file; name = Astronom.ttf; path = Resources/Astronom.ttf; sourceTree = "<group>"; };
		84DF76DA175957BD00A3D7A9 /* en */ = {isa = PBXFileReference; lastKnownFileType = text.plist.strings; name = en; path = en.lproj/WeekDays.strings; sourceTree = "<group>"; };
		84DF76DC175957C500A3D7A9 /* ru */ = {isa = PBXFileReference; lastKnownFileType = text.plist.strings; name = ru; path = ru.lproj/WeekDays.strings; sourceTree = "<group>"; };
		84E39A09168DCF73005DC0C5 /* en */ = {isa = PBXFileReference; lastKnownFileType = file; name = en; path = en.lproj/interpret.dat; sourceTree = "<group>"; };
		84E39A0B168DCF95005DC0C5 /* ru */ = {isa = PBXFileReference; lastKnownFileType = file; name = ru; path = ru.lproj/interpret.dat; sourceTree = "<group>"; };
		84E98AE8168E0F2A006AAA55 /* en */ = {isa = PBXFileReference; lastKnownFileType = text.plist.strings; name = en; path = en.lproj/Planets.strings; sourceTree = "<group>"; };
		84E98AEA168E0F30006AAA55 /* ru */ = {isa = PBXFileReference; lastKnownFileType = text.plist.strings; name = ru; path = ru.lproj/Planets.strings; sourceTree = "<group>"; };
		84E98AEE168E0F64006AAA55 /* en */ = {isa = PBXFileReference; lastKnownFileType = text.plist.strings; name = en; path = en.lproj/ConstellGenitive.strings; sourceTree = "<group>"; };
		84E98AF0168E0F69006AAA55 /* ru */ = {isa = PBXFileReference; lastKnownFileType = text.plist.strings; name = ru; path = ru.lproj/ConstellGenitive.strings; sourceTree = "<group>"; };
		84E98AF4168E0F88006AAA55 /* en */ = {isa = PBXFileReference; lastKnownFileType = text.plist.strings; name = en; path = en.lproj/ConstellLocative.strings; sourceTree = "<group>"; };
		84E98AF6168E0F8D006AAA55 /* ru */ = {isa = PBXFileReference; lastKnownFileType = text.plist.strings; name = ru; path = ru.lproj/ConstellLocative.strings; sourceTree = "<group>"; };
		84E98AFA168E0FAB006AAA55 /* en */ = {isa = PBXFileReference; lastKnownFileType = text.plist.strings; name = en; path = en.lproj/PlanetsGenitive.strings; sourceTree = "<group>"; };
		84E98AFC168E0FAF006AAA55 /* ru */ = {isa = PBXFileReference; lastKnownFileType = text.plist.strings; name = ru; path = ru.lproj/PlanetsGenitive.strings; sourceTree = "<group>"; };
		84E98B00168E0FCA006AAA55 /* en */ = {isa = PBXFileReference; lastKnownFileType = text.plist.strings; name = en; path = en.lproj/Aspects.strings; sourceTree = "<group>"; };
		84E98B02168E0FCF006AAA55 /* ru */ = {isa = PBXFileReference; lastKnownFileType = text.plist.strings; name = ru; path = ru.lproj/Aspects.strings; sourceTree = "<group>"; };
		84E98B4D168E6331006AAA55 /* AmaxTypes.c */ = {isa = PBXFileReference; fileEncoding = 4; lastKnownFileType = sourcecode.c.c; path = AmaxTypes.c; sourceTree = "<group>"; };
		84E98B4E168E6331006AAA55 /* AmaxTypes.h */ = {isa = PBXFileReference; fileEncoding = 4; lastKnownFileType = sourcecode.c.h; path = AmaxTypes.h; sourceTree = "<group>"; };
		84EB53F5168CE8010089D6F6 /* en */ = {isa = PBXFileReference; lastKnownFileType = text.plist.strings; name = en; path = en.lproj/Localizable.strings; sourceTree = "<group>"; };
		84EB53F7168CE8470089D6F6 /* ru */ = {isa = PBXFileReference; lastKnownFileType = text.plist.strings; name = ru; path = ru.lproj/Localizable.strings; sourceTree = "<group>"; };
/* End PBXFileReference section */

/* Begin PBXFrameworksBuildPhase section */
		84B1AC671647BB3E007188B1 /* Frameworks */ = {
			isa = PBXFrameworksBuildPhase;
			buildActionMask = 2147483647;
			files = (
				84B1AC6F1647BB3E007188B1 /* UIKit.framework in Frameworks */,
				84B1AC711647BB3E007188B1 /* Foundation.framework in Frameworks */,
				84B1AC731647BB3E007188B1 /* CoreGraphics.framework in Frameworks */,
			);
			runOnlyForDeploymentPostprocessing = 0;
		};
/* End PBXFrameworksBuildPhase section */

/* Begin PBXGroup section */
		8483FDDA166594AD000C9143 /* Resources */ = {
			isa = PBXGroup;
			children = (
				84DFC22716A59DDE003D8B01 /* Xib */,
				84D5B4B6166EA4ED00F30D70 /* Astronom.ttf */,
			);
			name = Resources;
			sourceTree = "<group>";
		};
		84B1AC5F1647BB3E007188B1 = {
			isa = PBXGroup;
			children = (
				72606C9324B823FB009B0113 /* Default-568h@2x.png */,
				84B1AC741647BB3E007188B1 /* Astromaximum */,
				84B1AC6D1647BB3E007188B1 /* Frameworks */,
				84B1AC6B1647BB3E007188B1 /* Products */,
			);
			sourceTree = "<group>";
		};
		84B1AC6B1647BB3E007188B1 /* Products */ = {
			isa = PBXGroup;
			children = (
				84B1AC6A1647BB3E007188B1 /* Astromaximum.app */,
			);
			name = Products;
			sourceTree = "<group>";
		};
		84B1AC6D1647BB3E007188B1 /* Frameworks */ = {
			isa = PBXGroup;
			children = (
				84B1AC6E1647BB3E007188B1 /* UIKit.framework */,
				84B1AC701647BB3E007188B1 /* Foundation.framework */,
				84B1AC721647BB3E007188B1 /* CoreGraphics.framework */,
			);
			name = Frameworks;
			sourceTree = "<group>";
		};
		84B1AC741647BB3E007188B1 /* Astromaximum */ = {
			isa = PBXGroup;
			children = (
				84E98B25168E6331006AAA55 /* Classes */,
				8483FDDA166594AD000C9143 /* Resources */,
				72A4218724C8AE860096DF9C /* Images.xcassets */,
				84B1AC751647BB3E007188B1 /* Supporting Files */,
			);
			path = Astromaximum;
			sourceTree = "<group>";
		};
		84B1AC751647BB3E007188B1 /* Supporting Files */ = {
			isa = PBXGroup;
			children = (
				84E98B23168E62E7006AAA55 /* Localization */,
				72606C9724B82CBE009B0113 /* locations.dat */,
				72606C9624B82CB4009B0113 /* common.dat */,
				84B1AC761647BB3E007188B1 /* Astromaximum-Info.plist */,
				84B1AC7C1647BB3E007188B1 /* Astromaximum-Prefix.pch */,
				84B1AC771647BB3E007188B1 /* InfoPlist.strings */,
			);
			name = "Supporting Files";
			sourceTree = "<group>";
		};
		84DFC22716A59DDE003D8B01 /* Xib */ = {
			isa = PBXGroup;
			children = (
				84DFC23B16A5A362003D8B01 /* Cells */,
				84DFC22916A59E00003D8B01 /* AmaxDateSelectController.xib */,
				84DFC22B16A59E00003D8B01 /* AmaxEventListViewController.xib */,
				84DFC22D16A59E00003D8B01 /* AmaxInterpreterController.xib */,
				84DFC22F16A59E00003D8B01 /* AmaxLocationListController.xib */,
				84DFC23116A59E00003D8B01 /* AmaxSettingsController.xib */,
				84DFC23316A59E00003D8B01 /* AmaxSummaryViewController.xib */,
				72A36FB8250E2A1700C0AD63 /* AmaxStartPageViewController.xib */,
			);
			name = Xib;
			sourceTree = "<group>";
		};
		84DFC23B16A5A362003D8B01 /* Cells */ = {
			isa = PBXGroup;
			children = (
				729AFB2124D0C0C500EF0894 /* AspectCell.xib */,
				84DFC23C16A5A380003D8B01 /* AspectSetCell.xib */,
				84DFC23E16A5A380003D8B01 /* MoonMoveCell.xib */,
				84DFC24016A5A380003D8B01 /* MoonSignCell.xib */,
				84DFC24216A5A380003D8B01 /* PlanetHourCell.xib */,
				84DFC24416A5A380003D8B01 /* RetrogradeCell.xib */,
				7245FD4F24F37AC4000D71E1 /* RetrogradeSetCell.xib */,
				84DFC24616A5A380003D8B01 /* SunDegreeCell.xib */,
				84DFC24816A5A380003D8B01 /* TithiCell.xib */,
				84DFC24A16A5A380003D8B01 /* ViaCombustaCell.xib */,
				72A6011D24B83144002C1322 /* VocCell.xib */,
			);
			name = Cells;
			sourceTree = "<group>";
		};
		84E98B23168E62E7006AAA55 /* Localization */ = {
			isa = PBXGroup;
			children = (
				72B6C66324C8052C00E7BC98 /* EventListTitle.strings */,
				84E39A0A168DCF73005DC0C5 /* interpret.dat */,
				84EB53F6168CE8010089D6F6 /* Localizable.strings */,
				84E98AE9168E0F2A006AAA55 /* Planets.strings */,
				84E98AEF168E0F64006AAA55 /* ConstellGenitive.strings */,
				84E98AF5168E0F88006AAA55 /* ConstellLocative.strings */,
				84E98AFB168E0FAB006AAA55 /* PlanetsGenitive.strings */,
				84E98B01168E0FCA006AAA55 /* Aspects.strings */,
				84DF76DB175957BD00A3D7A9 /* WeekDays.strings */,
				7245FD4B24F373E7000D71E1 /* Months.strings */,
			);
			name = Localization;
			sourceTree = "<group>";
		};
		84E98B25168E6331006AAA55 /* Classes */ = {
			isa = PBXGroup;
			children = (
				84E98B4F168E6331006AAA55 /* Cells */,
				84E98B7C168E63B6006AAA55 /* Controllers */,
				84E98B38168E6331006AAA55 /* Utils */,
				72AA2A6724DBC99600A5E00A /* AppDelegate.swift */,
				72DB5BA324DC685000E20F7E /* SceneDelegate.swift */,
				726BC97924E5B88700690CE2 /* AmaxAstroLabel.swift */,
				72AA2A6624DBC99600A5E00A /* Astromaximum-Bridging-Header.h */,
			);
			path = Classes;
			sourceTree = "<group>";
		};
		84E98B38168E6331006AAA55 /* Utils */ = {
			isa = PBXGroup;
			children = (
				72DB5BA824DC702500E20F7E /* AmaxCommonDataFile.swift */,
				729C4FDB24DDD23D0058E1EA /* AmaxDataInputStream.swift */,
				7229138124DFF422005B0698 /* AmaxDataProvider.swift */,
				7229137D24DFAF5B005B0698 /* AmaxEvent.swift */,
				72CAA1C824E4336E00A5E948 /* AmaxInterpretationProvider.swift */,
				72ACB3C024E7099C007C2813 /* AmaxLocation.swift */,
				7229137924DFA6A0005B0698 /* AmaxLocationBundle.swift */,
				7229137F24DFCDDF005B0698 /* AmaxLocationDataFile.swift */,
				72ACB3BB24E68E75007C2813 /* AmaxPrefs.swift */,
				726BC97724E5AF0400690CE2 /* AmaxSummaryItem.swift */,
				7229137B24DFAEDE005B0698 /* AmaxTimezoneTransition.swift */,
				84E98B4D168E6331006AAA55 /* AmaxTypes.c */,
				84E98B4E168E6331006AAA55 /* AmaxTypes.h */,
			);
			name = Utils;
			path = utils;
			sourceTree = "<group>";
		};
		84E98B4F168E6331006AAA55 /* Cells */ = {
			isa = PBXGroup;
			children = (
				726BC98124E5BFF100690CE2 /* AmaxAspectCell.swift */,
				726BC98324E5BFF100690CE2 /* AmaxAspectSetCell.swift */,
				726BC98424E5BFF100690CE2 /* AmaxMoonMoveCell.swift */,
				726BC98724E5BFF200690CE2 /* AmaxMoonSignCell.swift */,
				726BC98524E5BFF100690CE2 /* AmaxPlanetHourCell.swift */,
				7218830924ECCD8800163389 /* AmaxRetrogradeCell.swift */,
				72A9B7AF24ECC78600C1A6DD /* AmaxRetrogradeSetCell.swift */,
				726BC97E24E5BFF000690CE2 /* AmaxSunDegreeCell.swift */,
				726BC97F24E5BFF000690CE2 /* AmaxTableCell.swift */,
				726BC98624E5BFF200690CE2 /* AmaxTithiCell.swift */,
				726BC98024E5BFF000690CE2 /* AmaxViaCombustaCell.swift */,
				726BC98224E5BFF100690CE2 /* AmaxVocCell.swift */,
			);
			name = Cells;
			path = utils/cells;
			sourceTree = "<group>";
		};
		84E98B7C168E63B6006AAA55 /* Controllers */ = {
			isa = PBXGroup;
			children = (
				72ACB3B024E63716007C2813 /* AmaxBaseViewController.swift */,
				72CAA1CA24E4423C00A5E948 /* AmaxDateSelectController.swift */,
				72ACB3B224E63724007C2813 /* AmaxEventListViewController.swift */,
				72CAA1CC24E4496A00A5E948 /* AmaxInterpreterController.swift */,
				726BC97324E5815200690CE2 /* AmaxLocationListController.swift */,
				726BC97524E59E6500690CE2 /* AmaxSettingsController.swift */,
				72ACB3B424E63730007C2813 /* AmaxSummaryViewController.swift */,
			);
			name = Controllers;
			sourceTree = "<group>";
		};
/* End PBXGroup section */

/* Begin PBXNativeTarget section */
		84B1AC691647BB3E007188B1 /* Astromaximum */ = {
			isa = PBXNativeTarget;
			buildConfigurationList = 84B1AC8E1647BB3E007188B1 /* Build configuration list for PBXNativeTarget "Astromaximum" */;
			buildPhases = (
				84B1AC661647BB3E007188B1 /* Sources */,
				84B1AC671647BB3E007188B1 /* Frameworks */,
				84B1AC681647BB3E007188B1 /* Resources */,
				84825A701663E71500524DB2 /* ShellScript */,
			);
			buildRules = (
			);
			dependencies = (
			);
			name = Astromaximum;
			productName = Astromaximum;
			productReference = 84B1AC6A1647BB3E007188B1 /* Astromaximum.app */;
			productType = "com.apple.product-type.application";
		};
/* End PBXNativeTarget section */

/* Begin PBXProject section */
		84B1AC611647BB3E007188B1 /* Project object */ = {
			isa = PBXProject;
			attributes = {
				LastUpgradeCheck = 1200;
				ORGANIZATIONNAME = "S&W Axis";
				TargetAttributes = {
					84B1AC691647BB3E007188B1 = {
						DevelopmentTeam = 8MSTLPJ26R;
						LastSwiftMigration = 1160;
					};
				};
			};
			buildConfigurationList = 84B1AC641647BB3E007188B1 /* Build configuration list for PBXProject "Astromaximum" */;
			compatibilityVersion = "Xcode 3.2";
			developmentRegion = en;
			hasScannedForEncodings = 0;
			knownRegions = (
				en,
				de,
				fr,
				ru,
				Base,
			);
			mainGroup = 84B1AC5F1647BB3E007188B1;
			productRefGroup = 84B1AC6B1647BB3E007188B1 /* Products */;
			projectDirPath = "";
			projectRoot = "";
			targets = (
				84B1AC691647BB3E007188B1 /* Astromaximum */,
			);
		};
/* End PBXProject section */

/* Begin PBXResourcesBuildPhase section */
		84B1AC681647BB3E007188B1 /* Resources */ = {
			isa = PBXResourcesBuildPhase;
			buildActionMask = 2147483647;
			files = (
				84B1AC791647BB3E007188B1 /* InfoPlist.strings in Resources */,
				72A4218824C8AE860096DF9C /* Images.xcassets in Resources */,
				72606C9424B823FB009B0113 /* Default-568h@2x.png in Resources */,
				84D5B4B7166EA4ED00F30D70 /* Astronom.ttf in Resources */,
				84EB53F4168CE8010089D6F6 /* Localizable.strings in Resources */,
				84E39A08168DCF73005DC0C5 /* interpret.dat in Resources */,
				84E98AE7168E0F2A006AAA55 /* Planets.strings in Resources */,
				84E98AED168E0F64006AAA55 /* ConstellGenitive.strings in Resources */,
				84E98AF3168E0F88006AAA55 /* ConstellLocative.strings in Resources */,
				72A6011F24B83144002C1322 /* VocCell.xib in Resources */,
				84E98AF9168E0FAB006AAA55 /* PlanetsGenitive.strings in Resources */,
				72B6C66524C8052C00E7BC98 /* EventListTitle.strings in Resources */,
				7245FD4D24F373E7000D71E1 /* Months.strings in Resources */,
				84E98AFF168E0FCA006AAA55 /* Aspects.strings in Resources */,
				72606C9824B82D9C009B0113 /* locations.dat in Resources */,
				84DFC23516A59E00003D8B01 /* AmaxDateSelectController.xib in Resources */,
				84DFC23616A59E00003D8B01 /* AmaxEventListViewController.xib in Resources */,
				84DFC23716A59E00003D8B01 /* AmaxInterpreterController.xib in Resources */,
				84DFC23816A59E00003D8B01 /* AmaxLocationListController.xib in Resources */,
				84DFC23916A59E00003D8B01 /* AmaxSettingsController.xib in Resources */,
				84DFC23A16A59E00003D8B01 /* AmaxSummaryViewController.xib in Resources */,
				84DFC24E16A5A380003D8B01 /* AspectSetCell.xib in Resources */,
				84DFC24F16A5A380003D8B01 /* MoonMoveCell.xib in Resources */,
				72A36FBA250E2A1700C0AD63 /* AmaxStartPageViewController.xib in Resources */,
				84DFC25016A5A380003D8B01 /* MoonSignCell.xib in Resources */,
				84DFC25116A5A380003D8B01 /* PlanetHourCell.xib in Resources */,
				84DFC25216A5A380003D8B01 /* RetrogradeCell.xib in Resources */,
				7245FD5124F37AC5000D71E1 /* RetrogradeSetCell.xib in Resources */,
				72606C9924B82DA0009B0113 /* common.dat in Resources */,
				84DFC25316A5A380003D8B01 /* SunDegreeCell.xib in Resources */,
				84DFC25416A5A380003D8B01 /* TithiCell.xib in Resources */,
				84DFC25516A5A380003D8B01 /* ViaCombustaCell.xib in Resources */,
				84DF76D9175957BD00A3D7A9 /* WeekDays.strings in Resources */,
				729AFB2324D0C0C500EF0894 /* AspectCell.xib in Resources */,
			);
			runOnlyForDeploymentPostprocessing = 0;
		};
/* End PBXResourcesBuildPhase section */

/* Begin PBXShellScriptBuildPhase section */
		84825A701663E71500524DB2 /* ShellScript */ = {
			isa = PBXShellScriptBuildPhase;
			buildActionMask = 2147483647;
			files = (
			);
			inputPaths = (
			);
			outputPaths = (
			);
			runOnlyForDeploymentPostprocessing = 0;
			shellPath = /bin/sh;
			shellScript = "KEYWORDS=\"TODO:|FIXME:|\\?\\?\\?:|\\!\\!\\!:\"\nfind \"${SRCROOT}\" \\( -name \"*.h\" -or -name \"*.m\" \\) -print0 | xargs -0 egrep --with-filename --line-number --only-matching \"($KEYWORDS).*\\$\" | perl -p -e \"s/($KEYWORDS)/ warning: \\$1/\"\n";
		};
/* End PBXShellScriptBuildPhase section */

/* Begin PBXSourcesBuildPhase section */
		84B1AC661647BB3E007188B1 /* Sources */ = {
			isa = PBXSourcesBuildPhase;
			buildActionMask = 2147483647;
			files = (
				726BC98924E5BFF200690CE2 /* AmaxTableCell.swift in Sources */,
				72CAA1CB24E4423C00A5E948 /* AmaxDateSelectController.swift in Sources */,
				72DB5BA424DC685000E20F7E /* SceneDelegate.swift in Sources */,
				72A9B7B024ECC78600C1A6DD /* AmaxRetrogradeSetCell.swift in Sources */,
				729C4FDC24DDD23D0058E1EA /* AmaxDataInputStream.swift in Sources */,
				72ACB3B324E63724007C2813 /* AmaxEventListViewController.swift in Sources */,
				72CAA1C924E4336E00A5E948 /* AmaxInterpretationProvider.swift in Sources */,
				7229137A24DFA6A0005B0698 /* AmaxLocationBundle.swift in Sources */,
				726BC98F24E5BFF200690CE2 /* AmaxPlanetHourCell.swift in Sources */,
				7229138024DFCDDF005B0698 /* AmaxLocationDataFile.swift in Sources */,
				84E98B73168E6331006AAA55 /* AmaxTypes.c in Sources */,
				7218830A24ECCD8800163389 /* AmaxRetrogradeCell.swift in Sources */,
				7229137E24DFAF5C005B0698 /* AmaxEvent.swift in Sources */,
				726BC98E24E5BFF200690CE2 /* AmaxMoonMoveCell.swift in Sources */,
				7229137C24DFAEDE005B0698 /* AmaxTimezoneTransition.swift in Sources */,
				72ACB3C124E7099C007C2813 /* AmaxLocation.swift in Sources */,
				72DB5BA224DC63AC00E20F7E /* AppDelegate.swift in Sources */,
				726BC97624E59E6500690CE2 /* AmaxSettingsController.swift in Sources */,
				726BC97824E5AF0500690CE2 /* AmaxSummaryItem.swift in Sources */,
				72ACB3BC24E68E75007C2813 /* AmaxPrefs.swift in Sources */,
				726BC99124E5BFF200690CE2 /* AmaxMoonSignCell.swift in Sources */,
				726BC97424E5815200690CE2 /* AmaxLocationListController.swift in Sources */,
				726BC98D24E5BFF200690CE2 /* AmaxAspectSetCell.swift in Sources */,
				72CAA1CD24E4496A00A5E948 /* AmaxInterpreterController.swift in Sources */,
				726BC98C24E5BFF200690CE2 /* AmaxVocCell.swift in Sources */,
				72ACB3B124E63716007C2813 /* AmaxBaseViewController.swift in Sources */,
				726BC99024E5BFF200690CE2 /* AmaxTithiCell.swift in Sources */,
				726BC98A24E5BFF200690CE2 /* AmaxViaCombustaCell.swift in Sources */,
				726BC98B24E5BFF200690CE2 /* AmaxAspectCell.swift in Sources */,
				729C4FDD24DDD38C0058E1EA /* AmaxCommonDataFile.swift in Sources */,
				726BC98824E5BFF200690CE2 /* AmaxSunDegreeCell.swift in Sources */,
				7229138224DFF422005B0698 /* AmaxDataProvider.swift in Sources */,
				72ACB3B524E63730007C2813 /* AmaxSummaryViewController.swift in Sources */,
				726BC97A24E5B88700690CE2 /* AmaxAstroLabel.swift in Sources */,
			);
			runOnlyForDeploymentPostprocessing = 0;
		};
/* End PBXSourcesBuildPhase section */

/* Begin PBXVariantGroup section */
		7245FD4B24F373E7000D71E1 /* Months.strings */ = {
			isa = PBXVariantGroup;
			children = (
				7245FD4C24F373E7000D71E1 /* en */,
				7245FD4E24F37425000D71E1 /* ru */,
			);
			name = Months.strings;
			sourceTree = "<group>";
		};
		7245FD4F24F37AC4000D71E1 /* RetrogradeSetCell.xib */ = {
			isa = PBXVariantGroup;
			children = (
				7245FD5024F37AC4000D71E1 /* Base */,
			);
			name = RetrogradeSetCell.xib;
			sourceTree = "<group>";
		};
		729AFB2124D0C0C500EF0894 /* AspectCell.xib */ = {
			isa = PBXVariantGroup;
			children = (
				729AFB2224D0C0C500EF0894 /* Base */,
			);
			name = AspectCell.xib;
			sourceTree = "<group>";
		};
		72A36FB8250E2A1700C0AD63 /* AmaxStartPageViewController.xib */ = {
			isa = PBXVariantGroup;
			children = (
				72A36FB9250E2A1700C0AD63 /* Base */,
			);
			name = AmaxStartPageViewController.xib;
			sourceTree = "<group>";
		};
		72A6011D24B83144002C1322 /* VocCell.xib */ = {
			isa = PBXVariantGroup;
			children = (
				727CAEAC24C160A00008A769 /* Base */,
			);
			name = VocCell.xib;
			sourceTree = "<group>";
		};
		72B6C66324C8052C00E7BC98 /* EventListTitle.strings */ = {
			isa = PBXVariantGroup;
			children = (
				72B6C66424C8052C00E7BC98 /* en */,
				72B6C66624C8053D00E7BC98 /* ru */,
			);
			name = EventListTitle.strings;
			sourceTree = "<group>";
		};
		84B1AC771647BB3E007188B1 /* InfoPlist.strings */ = {
			isa = PBXVariantGroup;
			children = (
				84B1AC781647BB3E007188B1 /* en */,
			);
			name = InfoPlist.strings;
			sourceTree = "<group>";
		};
		84DF76DB175957BD00A3D7A9 /* WeekDays.strings */ = {
			isa = PBXVariantGroup;
			children = (
				84DF76DA175957BD00A3D7A9 /* en */,
				84DF76DC175957C500A3D7A9 /* ru */,
			);
			name = WeekDays.strings;
			sourceTree = "<group>";
		};
		84DFC22916A59E00003D8B01 /* AmaxDateSelectController.xib */ = {
			isa = PBXVariantGroup;
			children = (
				727CAEAD24C160A00008A769 /* Base */,
			);
			name = AmaxDateSelectController.xib;
			sourceTree = "<group>";
		};
		84DFC22B16A59E00003D8B01 /* AmaxEventListViewController.xib */ = {
			isa = PBXVariantGroup;
			children = (
				727CAEAE24C160A00008A769 /* Base */,
			);
			name = AmaxEventListViewController.xib;
			sourceTree = "<group>";
		};
		84DFC22D16A59E00003D8B01 /* AmaxInterpreterController.xib */ = {
			isa = PBXVariantGroup;
			children = (
				727CAEAF24C160A00008A769 /* Base */,
			);
			name = AmaxInterpreterController.xib;
			sourceTree = "<group>";
		};
		84DFC22F16A59E00003D8B01 /* AmaxLocationListController.xib */ = {
			isa = PBXVariantGroup;
			children = (
				727CAEB024C160A00008A769 /* Base */,
			);
			name = AmaxLocationListController.xib;
			sourceTree = "<group>";
		};
		84DFC23116A59E00003D8B01 /* AmaxSettingsController.xib */ = {
			isa = PBXVariantGroup;
			children = (
				727CAEB124C160A00008A769 /* Base */,
			);
			name = AmaxSettingsController.xib;
			sourceTree = "<group>";
		};
		84DFC23316A59E00003D8B01 /* AmaxSummaryViewController.xib */ = {
			isa = PBXVariantGroup;
			children = (
				727CAEB224C160A10008A769 /* Base */,
			);
			name = AmaxSummaryViewController.xib;
			sourceTree = "<group>";
		};
		84DFC23C16A5A380003D8B01 /* AspectSetCell.xib */ = {
			isa = PBXVariantGroup;
			children = (
				727CAEA424C1609F0008A769 /* Base */,
			);
			name = AspectSetCell.xib;
			sourceTree = "<group>";
		};
		84DFC23E16A5A380003D8B01 /* MoonMoveCell.xib */ = {
			isa = PBXVariantGroup;
			children = (
				727CAEA524C1609F0008A769 /* Base */,
			);
			name = MoonMoveCell.xib;
			sourceTree = "<group>";
		};
		84DFC24016A5A380003D8B01 /* MoonSignCell.xib */ = {
			isa = PBXVariantGroup;
			children = (
				727CAEA624C1609F0008A769 /* Base */,
			);
			name = MoonSignCell.xib;
			sourceTree = "<group>";
		};
		84DFC24216A5A380003D8B01 /* PlanetHourCell.xib */ = {
			isa = PBXVariantGroup;
			children = (
				727CAEA724C1609F0008A769 /* Base */,
			);
			name = PlanetHourCell.xib;
			sourceTree = "<group>";
		};
		84DFC24416A5A380003D8B01 /* RetrogradeCell.xib */ = {
			isa = PBXVariantGroup;
			children = (
				727CAEA824C1609F0008A769 /* Base */,
			);
			name = RetrogradeCell.xib;
			sourceTree = "<group>";
		};
		84DFC24616A5A380003D8B01 /* SunDegreeCell.xib */ = {
			isa = PBXVariantGroup;
			children = (
				727CAEA924C1609F0008A769 /* Base */,
			);
			name = SunDegreeCell.xib;
			sourceTree = "<group>";
		};
		84DFC24816A5A380003D8B01 /* TithiCell.xib */ = {
			isa = PBXVariantGroup;
			children = (
				727CAEAA24C1609F0008A769 /* Base */,
			);
			name = TithiCell.xib;
			sourceTree = "<group>";
		};
		84DFC24A16A5A380003D8B01 /* ViaCombustaCell.xib */ = {
			isa = PBXVariantGroup;
			children = (
				727CAEAB24C160A00008A769 /* Base */,
			);
			name = ViaCombustaCell.xib;
			sourceTree = "<group>";
		};
		84E39A0A168DCF73005DC0C5 /* interpret.dat */ = {
			isa = PBXVariantGroup;
			children = (
				84E39A09168DCF73005DC0C5 /* en */,
				84E39A0B168DCF95005DC0C5 /* ru */,
			);
			name = interpret.dat;
			sourceTree = "<group>";
		};
		84E98AE9168E0F2A006AAA55 /* Planets.strings */ = {
			isa = PBXVariantGroup;
			children = (
				84E98AE8168E0F2A006AAA55 /* en */,
				84E98AEA168E0F30006AAA55 /* ru */,
			);
			name = Planets.strings;
			sourceTree = "<group>";
		};
		84E98AEF168E0F64006AAA55 /* ConstellGenitive.strings */ = {
			isa = PBXVariantGroup;
			children = (
				84E98AEE168E0F64006AAA55 /* en */,
				84E98AF0168E0F69006AAA55 /* ru */,
			);
			name = ConstellGenitive.strings;
			sourceTree = "<group>";
		};
		84E98AF5168E0F88006AAA55 /* ConstellLocative.strings */ = {
			isa = PBXVariantGroup;
			children = (
				84E98AF4168E0F88006AAA55 /* en */,
				84E98AF6168E0F8D006AAA55 /* ru */,
			);
			name = ConstellLocative.strings;
			sourceTree = "<group>";
		};
		84E98AFB168E0FAB006AAA55 /* PlanetsGenitive.strings */ = {
			isa = PBXVariantGroup;
			children = (
				84E98AFA168E0FAB006AAA55 /* en */,
				84E98AFC168E0FAF006AAA55 /* ru */,
			);
			name = PlanetsGenitive.strings;
			sourceTree = "<group>";
		};
		84E98B01168E0FCA006AAA55 /* Aspects.strings */ = {
			isa = PBXVariantGroup;
			children = (
				84E98B00168E0FCA006AAA55 /* en */,
				84E98B02168E0FCF006AAA55 /* ru */,
			);
			name = Aspects.strings;
			sourceTree = "<group>";
		};
		84EB53F6168CE8010089D6F6 /* Localizable.strings */ = {
			isa = PBXVariantGroup;
			children = (
				84EB53F5168CE8010089D6F6 /* en */,
				84EB53F7168CE8470089D6F6 /* ru */,
			);
			name = Localizable.strings;
			sourceTree = "<group>";
		};
/* End PBXVariantGroup section */

/* Begin XCBuildConfiguration section */
		84B1AC8C1647BB3E007188B1 /* Debug */ = {
			isa = XCBuildConfiguration;
			buildSettings = {
				ALWAYS_SEARCH_USER_PATHS = NO;
				CLANG_ANALYZER_LOCALIZABILITY_NONLOCALIZED = YES;
				CLANG_ENABLE_OBJC_ARC = YES;
				CLANG_WARN_BLOCK_CAPTURE_AUTORELEASING = YES;
				CLANG_WARN_BOOL_CONVERSION = YES;
				CLANG_WARN_COMMA = YES;
				CLANG_WARN_CONSTANT_CONVERSION = YES;
				CLANG_WARN_DEPRECATED_OBJC_IMPLEMENTATIONS = YES;
				CLANG_WARN_EMPTY_BODY = YES;
				CLANG_WARN_ENUM_CONVERSION = YES;
				CLANG_WARN_INFINITE_RECURSION = YES;
				CLANG_WARN_INT_CONVERSION = YES;
				CLANG_WARN_NON_LITERAL_NULL_CONVERSION = YES;
				CLANG_WARN_OBJC_IMPLICIT_RETAIN_SELF = YES;
				CLANG_WARN_OBJC_LITERAL_CONVERSION = YES;
				CLANG_WARN_QUOTED_INCLUDE_IN_FRAMEWORK_HEADER = YES;
				CLANG_WARN_RANGE_LOOP_ANALYSIS = YES;
				CLANG_WARN_STRICT_PROTOTYPES = YES;
				CLANG_WARN_SUSPICIOUS_MOVE = YES;
				CLANG_WARN_UNREACHABLE_CODE = YES;
				CLANG_WARN__DUPLICATE_METHOD_MATCH = YES;
				"CODE_SIGN_IDENTITY[sdk=iphoneos*]" = "iPhone Developer";
				COPY_PHASE_STRIP = NO;
				ENABLE_STRICT_OBJC_MSGSEND = YES;
				ENABLE_TESTABILITY = YES;
				GCC_C_LANGUAGE_STANDARD = gnu99;
				GCC_DYNAMIC_NO_PIC = NO;
				GCC_NO_COMMON_BLOCKS = YES;
				GCC_OPTIMIZATION_LEVEL = 0;
				GCC_PREPROCESSOR_DEFINITIONS = (
					"DEBUG=1",
					"$(inherited)",
				);
				GCC_SYMBOLS_PRIVATE_EXTERN = NO;
				GCC_VERSION = com.apple.compilers.llvm.clang.1_0;
				GCC_WARN_64_TO_32_BIT_CONVERSION = YES;
				GCC_WARN_ABOUT_MISSING_PROTOTYPES = YES;
				GCC_WARN_ABOUT_RETURN_TYPE = YES;
				GCC_WARN_UNDECLARED_SELECTOR = YES;
				GCC_WARN_UNINITIALIZED_AUTOS = YES;
				GCC_WARN_UNUSED_FUNCTION = YES;
				GCC_WARN_UNUSED_VARIABLE = YES;
				IPHONEOS_DEPLOYMENT_TARGET = 12.0;
				ONLY_ACTIVE_ARCH = YES;
				SDKROOT = iphoneos;
				SWIFT_VERSION = 5.0;
			};
			name = Debug;
		};
		84B1AC8D1647BB3E007188B1 /* Release */ = {
			isa = XCBuildConfiguration;
			buildSettings = {
				ALWAYS_SEARCH_USER_PATHS = NO;
				CLANG_ANALYZER_LOCALIZABILITY_NONLOCALIZED = YES;
				CLANG_ENABLE_OBJC_ARC = YES;
				CLANG_WARN_BLOCK_CAPTURE_AUTORELEASING = YES;
				CLANG_WARN_BOOL_CONVERSION = YES;
				CLANG_WARN_COMMA = YES;
				CLANG_WARN_CONSTANT_CONVERSION = YES;
				CLANG_WARN_DEPRECATED_OBJC_IMPLEMENTATIONS = YES;
				CLANG_WARN_EMPTY_BODY = YES;
				CLANG_WARN_ENUM_CONVERSION = YES;
				CLANG_WARN_INFINITE_RECURSION = YES;
				CLANG_WARN_INT_CONVERSION = YES;
				CLANG_WARN_NON_LITERAL_NULL_CONVERSION = YES;
				CLANG_WARN_OBJC_IMPLICIT_RETAIN_SELF = YES;
				CLANG_WARN_OBJC_LITERAL_CONVERSION = YES;
				CLANG_WARN_QUOTED_INCLUDE_IN_FRAMEWORK_HEADER = YES;
				CLANG_WARN_RANGE_LOOP_ANALYSIS = YES;
				CLANG_WARN_STRICT_PROTOTYPES = YES;
				CLANG_WARN_SUSPICIOUS_MOVE = YES;
				CLANG_WARN_UNREACHABLE_CODE = YES;
				CLANG_WARN__DUPLICATE_METHOD_MATCH = YES;
				"CODE_SIGN_IDENTITY[sdk=iphoneos*]" = "iPhone Developer";
				COPY_PHASE_STRIP = YES;
				ENABLE_STRICT_OBJC_MSGSEND = YES;
				GCC_C_LANGUAGE_STANDARD = gnu99;
				GCC_NO_COMMON_BLOCKS = YES;
				GCC_VERSION = com.apple.compilers.llvm.clang.1_0;
				GCC_WARN_64_TO_32_BIT_CONVERSION = YES;
				GCC_WARN_ABOUT_MISSING_PROTOTYPES = YES;
				GCC_WARN_ABOUT_RETURN_TYPE = YES;
				GCC_WARN_UNDECLARED_SELECTOR = YES;
				GCC_WARN_UNINITIALIZED_AUTOS = YES;
				GCC_WARN_UNUSED_FUNCTION = YES;
				GCC_WARN_UNUSED_VARIABLE = YES;
				IPHONEOS_DEPLOYMENT_TARGET = 12.0;
				OTHER_CFLAGS = "-DNS_BLOCK_ASSERTIONS=1";
				SDKROOT = iphoneos;
				SWIFT_COMPILATION_MODE = wholemodule;
				SWIFT_VERSION = 5.0;
				VALIDATE_PRODUCT = YES;
			};
			name = Release;
		};
		84B1AC8F1647BB3E007188B1 /* Debug */ = {
			isa = XCBuildConfiguration;
			buildSettings = {
				ASSETCATALOG_COMPILER_APPICON_NAME = AppIcon;
				CLANG_ENABLE_MODULES = YES;
				DEVELOPMENT_TEAM = 8MSTLPJ26R;
				GCC_PRECOMPILE_PREFIX_HEADER = YES;
				GCC_PREFIX_HEADER = "Astromaximum/Astromaximum-Prefix.pch";
				INFOPLIST_FILE = "Astromaximum/Astromaximum-Info.plist";
				IPHONEOS_DEPLOYMENT_TARGET = 12.0;
				LD_RUNPATH_SEARCH_PATHS = "$(inherited) @executable_path/Frameworks";
				MARKETING_VERSION = 2020.01;
				PRODUCT_BUNDLE_IDENTIFIER = "com.sw-axis.${PRODUCT_NAME:rfc1034identifier}";
				PRODUCT_NAME = "$(TARGET_NAME)";
				SWIFT_OBJC_BRIDGING_HEADER = "Astromaximum/Classes/Astromaximum-Bridging-Header.h";
				SWIFT_OPTIMIZATION_LEVEL = "-Onone";
				SWIFT_VERSION = 5.0;
				TARGETED_DEVICE_FAMILY = 1;
				WRAPPER_EXTENSION = app;
			};
			name = Debug;
		};
		84B1AC901647BB3E007188B1 /* Release */ = {
			isa = XCBuildConfiguration;
			buildSettings = {
				ASSETCATALOG_COMPILER_APPICON_NAME = AppIcon;
				CLANG_ENABLE_MODULES = YES;
				DEVELOPMENT_TEAM = 8MSTLPJ26R;
				GCC_PRECOMPILE_PREFIX_HEADER = YES;
				GCC_PREFIX_HEADER = "Astromaximum/Astromaximum-Prefix.pch";
				INFOPLIST_FILE = "Astromaximum/Astromaximum-Info.plist";
				IPHONEOS_DEPLOYMENT_TARGET = 12.0;
				LD_RUNPATH_SEARCH_PATHS = "$(inherited) @executable_path/Frameworks";
				MARKETING_VERSION = 2020.01;
				PRODUCT_BUNDLE_IDENTIFIER = "com.sw-axis.${PRODUCT_NAME:rfc1034identifier}";
				PRODUCT_NAME = "$(TARGET_NAME)";
				SWIFT_OBJC_BRIDGING_HEADER = "Astromaximum/Classes/Astromaximum-Bridging-Header.h";
				SWIFT_VERSION = 5.0;
				TARGETED_DEVICE_FAMILY = 1;
				WRAPPER_EXTENSION = app;
			};
			name = Release;
		};
/* End XCBuildConfiguration section */

/* Begin XCConfigurationList section */
		84B1AC641647BB3E007188B1 /* Build configuration list for PBXProject "Astromaximum" */ = {
			isa = XCConfigurationList;
			buildConfigurations = (
				84B1AC8C1647BB3E007188B1 /* Debug */,
				84B1AC8D1647BB3E007188B1 /* Release */,
			);
			defaultConfigurationIsVisible = 0;
			defaultConfigurationName = Release;
		};
		84B1AC8E1647BB3E007188B1 /* Build configuration list for PBXNativeTarget "Astromaximum" */ = {
			isa = XCConfigurationList;
			buildConfigurations = (
				84B1AC8F1647BB3E007188B1 /* Debug */,
				84B1AC901647BB3E007188B1 /* Release */,
			);
			defaultConfigurationIsVisible = 0;
			defaultConfigurationName = Release;
		};
/* End XCConfigurationList section */
	};
	rootObject = 84B1AC611647BB3E007188B1 /* Project object */;
}
